<?xml version="1.0" encoding="utf-8"?>
<Project ToolsVersion="4.0" xmlns="http://schemas.microsoft.com/developer/msbuild/2003">
  <ItemGroup>
    <Filter Include="math">
      <UniqueIdentifier>{80bc6386-2b70-4bae-993c-649a55163a1b}</UniqueIdentifier>
    </Filter>
    <Filter Include="utils">
      <UniqueIdentifier>{68eac919-ee87-4030-a033-c251731928f5}</UniqueIdentifier>
    </Filter>
    <Filter Include="ui">
      <UniqueIdentifier>{07b6d541-4a1b-472a-aae0-daf9d082fe84}</UniqueIdentifier>
    </Filter>
    <Filter Include="common">
      <UniqueIdentifier>{86e2d0f2-a9d0-4456-b6a5-d480228bbf82}</UniqueIdentifier>
    </Filter>
    <Filter Include="platform">
      <UniqueIdentifier>{c2654ccc-59f6-4c17-bb6b-99b07fc78702}</UniqueIdentifier>
    </Filter>
    <Filter Include="2d">
      <UniqueIdentifier>{896bdedf-6e82-449b-9b6e-0bc69f3699b1}</UniqueIdentifier>
    </Filter>
    <Filter Include="base">
      <UniqueIdentifier>{2e18d99a-e906-499a-9e29-4e0783202644}</UniqueIdentifier>
    </Filter>
    <Filter Include="renderer">
      <UniqueIdentifier>{7897afce-24cb-42b4-9443-56508e4ec89c}</UniqueIdentifier>
    </Filter>
    <Filter Include="third-party">
      <UniqueIdentifier>{91029e1e-40c2-40d9-bfc4-a51d9df02b80}</UniqueIdentifier>
    </Filter>
    <Filter Include="third-party\StackWalker">
      <UniqueIdentifier>{1fec4835-63a1-4612-80b5-828dadf0ac63}</UniqueIdentifier>
    </Filter>
    <Filter Include="third-party\tinyxml2">
      <UniqueIdentifier>{0cae76f7-7016-4a45-bb26-a130fbce8024}</UniqueIdentifier>
    </Filter>
  </ItemGroup>
  <ItemGroup>
    <ClInclude Include="..\src\kiwano\2d\GifSprite.h" />
    <ClInclude Include="..\src\kiwano\base\types.h" />
    <ClInclude Include="..\src\kiwano\kiwano.h" />
    <ClInclude Include="..\src\kiwano\config.h" />
    <ClInclude Include="..\src\kiwano\macros.h" />
    <ClInclude Include="..\src\kiwano\2d\include-forwards.h" />
    <ClInclude Include="..\src\kiwano\2d\Action.h" />
    <ClInclude Include="..\src\kiwano\2d\ActionGroup.h" />
    <ClInclude Include="..\src\kiwano\2d\ActionHelper.h" />
    <ClInclude Include="..\src\kiwano\2d\ActionManager.h" />
    <ClInclude Include="..\src\kiwano\2d\ActionTween.h" />
    <ClInclude Include="..\src\kiwano\2d\Animation.h" />
    <ClInclude Include="..\src\kiwano\2d\Canvas.h" />
    <ClInclude Include="..\src\kiwano\2d\Color.h" />
    <ClInclude Include="..\src\kiwano\2d\DebugNode.h" />
    <ClInclude Include="..\src\kiwano\2d\Font.hpp" />
    <ClInclude Include="..\src\kiwano\2d\Frames.h" />
    <ClInclude Include="..\src\kiwano\2d\Geometry.h" />
    <ClInclude Include="..\src\kiwano\2d\GeometryNode.h" />
    <ClInclude Include="..\src\kiwano\2d\GifImage.h" />
    <ClInclude Include="..\src\kiwano\2d\Image.h" />
    <ClInclude Include="..\src\kiwano\2d\Layer.h" />
    <ClInclude Include="..\src\kiwano\2d\Node.h" />
    <ClInclude Include="..\src\kiwano\2d\Scene.h" />
    <ClInclude Include="..\src\kiwano\2d\Sprite.h" />
    <ClInclude Include="..\src\kiwano\2d\Text.h" />
    <ClInclude Include="..\src\kiwano\2d\TextStyle.hpp" />
    <ClInclude Include="..\src\kiwano\2d\Transform.hpp" />
    <ClInclude Include="..\src\kiwano\2d\Transition.h" />
    <ClInclude Include="..\src\kiwano\base\AsyncTask.h" />
    <ClInclude Include="..\src\kiwano\base\Component.h" />
    <ClInclude Include="..\src\kiwano\base\Event.hpp" />
    <ClInclude Include="..\src\kiwano\base\EventDispatcher.h" />
    <ClInclude Include="..\src\kiwano\base\EventListener.h" />
    <ClInclude Include="..\src\kiwano\base\Input.h" />
    <ClInclude Include="..\src\kiwano\base\keys.hpp" />
    <ClInclude Include="..\src\kiwano\base\logs.h" />
    <ClInclude Include="..\src\kiwano\base\Object.h" />
    <ClInclude Include="..\src\kiwano\base\RefCounter.hpp" />
    <ClInclude Include="..\src\kiwano\base\Resource.h" />
    <ClInclude Include="..\src\kiwano\base\SmartPtr.hpp" />
    <ClInclude Include="..\src\kiwano\base\Timer.h" />
    <ClInclude Include="..\src\kiwano\base\TimerManager.h" />
    <ClInclude Include="..\src\kiwano\base\time.h" />
    <ClInclude Include="..\src\kiwano\base\window.h" />
    <ClInclude Include="..\src\kiwano\common\Array.hpp" />
    <ClInclude Include="..\src\kiwano\common\Closure.hpp" />
    <ClInclude Include="..\src\kiwano\common\ComPtr.hpp" />
    <ClInclude Include="..\src\kiwano\common\helper.h" />
    <ClInclude Include="..\src\kiwano\common\IntrusiveList.hpp" />
    <ClInclude Include="..\src\kiwano\common\IntrusivePtr.hpp" />
    <ClInclude Include="..\src\kiwano\common\Json.hpp" />
    <ClInclude Include="..\src\kiwano\common\Noncopyable.hpp" />
    <ClInclude Include="..\src\kiwano\common\Singleton.hpp" />
    <ClInclude Include="..\src\kiwano\common\String.hpp" />
    <ClInclude Include="..\src\kiwano\math\constants.hpp" />
    <ClInclude Include="..\src\kiwano\math\ease.hpp" />
    <ClInclude Include="..\src\kiwano\math\helper.h" />
    <ClInclude Include="..\src\kiwano\math\Matrix.hpp" />
    <ClInclude Include="..\src\kiwano\math\rand.h" />
    <ClInclude Include="..\src\kiwano\math\Rect.hpp" />
    <ClInclude Include="..\src\kiwano\math\scalar.hpp" />
    <ClInclude Include="..\src\kiwano\math\Vec2.hpp" />
    <ClInclude Include="..\src\kiwano\platform\Application.h" />
    <ClInclude Include="..\src\kiwano\platform\modules.h" />
    <ClInclude Include="..\src\kiwano\renderer\D2DDeviceResources.h" />
    <ClInclude Include="..\src\kiwano\renderer\D3D10DeviceResources.h" />
    <ClInclude Include="..\src\kiwano\renderer\D3D11DeviceResources.h" />
    <ClInclude Include="..\src\kiwano\renderer\D3DDeviceResourcesBase.h" />
    <ClInclude Include="..\src\kiwano\renderer\helper.hpp" />
    <ClInclude Include="..\src\kiwano\renderer\render.h" />
    <ClInclude Include="..\src\kiwano\renderer\TextRenderer.h" />
    <ClInclude Include="..\src\kiwano\third-party\StackWalker\StackWalker.h" />
    <ClInclude Include="..\src\kiwano\third-party\tinyxml2\tinyxml2.h" />
    <ClInclude Include="..\src\kiwano\ui\Button.h" />
    <ClInclude Include="..\src\kiwano\ui\Menu.h" />
    <ClInclude Include="..\src\kiwano\utils\DataUtil.h" />
    <ClInclude Include="..\src\kiwano\utils\FileUtil.h" />
    <ClInclude Include="..\src\kiwano\utils\Path.h" />
    <ClInclude Include="..\src\kiwano\utils\ResLoader.h" />
  </ItemGroup>
  <ItemGroup>
    <ClCompile Include="..\src\kiwano\2d\Action.cpp" />
    <ClCompile Include="..\src\kiwano\2d\ActionGroup.cpp" />
    <ClCompile Include="..\src\kiwano\2d\ActionManager.cpp" />
    <ClCompile Include="..\src\kiwano\2d\ActionTween.cpp" />
    <ClCompile Include="..\src\kiwano\2d\Animation.cpp" />
    <ClCompile Include="..\src\kiwano\2d\Canvas.cpp" />
    <ClCompile Include="..\src\kiwano\2d\Color.cpp" />
    <ClCompile Include="..\src\kiwano\2d\DebugNode.cpp" />
    <ClCompile Include="..\src\kiwano\2d\Frames.cpp" />
    <ClCompile Include="..\src\kiwano\2d\Geometry.cpp" />
    <ClCompile Include="..\src\kiwano\2d\GeometryNode.cpp" />
    <ClCompile Include="..\src\kiwano\2d\GifImage.cpp" />
    <ClCompile Include="..\src\kiwano\2d\GifSprite.cpp" />
    <ClCompile Include="..\src\kiwano\2d\Image.cpp" />
    <ClCompile Include="..\src\kiwano\2d\Layer.cpp" />
    <ClCompile Include="..\src\kiwano\2d\Node.cpp" />
    <ClCompile Include="..\src\kiwano\2d\Scene.cpp" />
    <ClCompile Include="..\src\kiwano\2d\Sprite.cpp" />
    <ClCompile Include="..\src\kiwano\2d\Text.cpp" />
    <ClCompile Include="..\src\kiwano\2d\Transition.cpp" />
    <ClCompile Include="..\src\kiwano\base\AsyncTask.cpp" />
    <ClCompile Include="..\src\kiwano\base\EventDispatcher.cpp" />
    <ClCompile Include="..\src\kiwano\base\EventListener.cpp" />
    <ClCompile Include="..\src\kiwano\base\Input.cpp" />
    <ClCompile Include="..\src\kiwano\base\logs.cpp" />
    <ClCompile Include="..\src\kiwano\base\Object.cpp" />
    <ClCompile Include="..\src\kiwano\base\Resource.cpp" />
    <ClCompile Include="..\src\kiwano\base\Timer.cpp" />
    <ClCompile Include="..\src\kiwano\base\TimerManager.cpp" />
    <ClCompile Include="..\src\kiwano\base\time.cpp" />
    <ClCompile Include="..\src\kiwano\base\window.cpp" />
    <ClCompile Include="..\src\kiwano\platform\Application.cpp" />
    <ClCompile Include="..\src\kiwano\platform\modules.cpp" />
    <ClCompile Include="..\src\kiwano\renderer\D2DDeviceResources.cpp" />
    <ClCompile Include="..\src\kiwano\renderer\D3D10DeviceResources.cpp" />
    <ClCompile Include="..\src\kiwano\renderer\D3D11DeviceResources.cpp" />
    <ClCompile Include="..\src\kiwano\renderer\render.cpp" />
    <ClCompile Include="..\src\kiwano\renderer\TextRenderer.cpp" />
    <ClCompile Include="..\src\kiwano\third-party\StackWalker\StackWalker.cpp" />
    <ClCompile Include="..\src\kiwano\third-party\tinyxml2\tinyxml2.cpp" />
    <ClCompile Include="..\src\kiwano\ui\Button.cpp" />
    <ClCompile Include="..\src\kiwano\ui\Menu.cpp" />
    <ClCompile Include="..\src\kiwano\utils\DataUtil.cpp" />
    <ClCompile Include="..\src\kiwano\utils\FileUtil.cpp" />
    <ClCompile Include="..\src\kiwano\utils\Path.cpp" />
    <ClCompile Include="..\src\kiwano\utils\ResLoader.cpp" />
  </ItemGroup>
</Project>