Microsoft Visual Studio Solution File, Format Version 12.00
# Visual Studio Version 16
VisualStudioVersion = 16.0.28729.10
MinimumVisualStudioVersion = 10.0.40219.1
Project("{8BC9CEB8-8B4A-11D0-8D11-00A0C91BC942}") = "HelloWorld", "samples\HelloWorld\HelloWorld.vcxproj", "{3561A359-F9FD-48AB-A977-34E7E568BC8E}"
EndProject
Project("{8BC9CEB8-8B4A-11D0-8D11-00A0C91BC942}") = "kiwano", "kiwano\kiwano.vcxproj", "{FF7F943D-A89C-4E6C-97CF-84F7D8FF8EDF}"
EndProject
Project("{8BC9CEB8-8B4A-11D0-8D11-00A0C91BC942}") = "Samples", "samples\Samples\Samples.vcxproj", "{45F5738D-CDF2-4024-974D-25B64F9043DE}"
EndProject
Project("{8BC9CEB8-8B4A-11D0-8D11-00A0C91BC942}") = "ImGuiSample", "samples\ImGuiSample\ImGuiSample.vcxproj", "{6152D36C-EA40-4968-A696-244B6CA58395}"
EndProject
Project("{8BC9CEB8-8B4A-11D0-8D11-00A0C91BC942}") = "Box2DSample", "samples\Box2DSample\Box2DSample.vcxproj", "{324CFF47-4EB2-499A-BE5F-53A82E3BA14B}"
EndProject
Project("{8BC9CEB8-8B4A-11D0-8D11-00A0C91BC942}") = "kiwano-audio", "kiwano-audio\kiwano-audio.vcxproj", "{1B97937D-8184-426C-BE71-29A163DC76C9}"
EndProject
Project("{8BC9CEB8-8B4A-11D0-8D11-00A0C91BC942}") = "kiwano-network", "kiwano-network\kiwano-network.vcxproj", "{69DFBE92-C06F-4CF8-9495-CA9BF2E3BAF2}"
EndProject
Project("{8BC9CEB8-8B4A-11D0-8D11-00A0C91BC942}") = "kiwano-imgui", "kiwano-imgui\kiwano-imgui.vcxproj", "{A7062ED8-8910-48A5-A3BC-C1612672571F}"
EndProject
Project("{2150E333-8FDC-42A3-9474-1A3956D46DE8}") = "Libraries", "Libraries", "{44D7EDE1-8C27-4608-8018-F891280A77B2}"
EndProject
Project("{2150E333-8FDC-42A3-9474-1A3956D46DE8}") = "Samples", "Samples", "{E8C0BB3C-0F04-4A0E-8755-5AE759E6288C}"
EndProject
Global
	GlobalSection(SolutionConfigurationPlatforms) = preSolution
		Debug|Win32 = Debug|Win32
		Release|Win32 = Release|Win32
	EndGlobalSection
	GlobalSection(ProjectConfigurationPlatforms) = postSolution
		{3561A359-F9FD-48AB-A977-34E7E568BC8E}.Debug|Win32.ActiveCfg = Debug|Win32
		{3561A359-F9FD-48AB-A977-34E7E568BC8E}.Debug|Win32.Build.0 = Debug|Win32
		{3561A359-F9FD-48AB-A977-34E7E568BC8E}.Release|Win32.ActiveCfg = Release|Win32
		{3561A359-F9FD-48AB-A977-34E7E568BC8E}.Release|Win32.Build.0 = Release|Win32
		{FF7F943D-A89C-4E6C-97CF-84F7D8FF8EDF}.Debug|Win32.ActiveCfg = Debug|Win32
		{FF7F943D-A89C-4E6C-97CF-84F7D8FF8EDF}.Debug|Win32.Build.0 = Debug|Win32
		{FF7F943D-A89C-4E6C-97CF-84F7D8FF8EDF}.Debug|Win32.Deploy.0 = Debug|Win32
		{FF7F943D-A89C-4E6C-97CF-84F7D8FF8EDF}.Release|Win32.ActiveCfg = Release|Win32
		{FF7F943D-A89C-4E6C-97CF-84F7D8FF8EDF}.Release|Win32.Build.0 = Release|Win32
		{45F5738D-CDF2-4024-974D-25B64F9043DE}.Debug|Win32.ActiveCfg = Debug|Win32
		{45F5738D-CDF2-4024-974D-25B64F9043DE}.Debug|Win32.Build.0 = Debug|Win32
		{45F5738D-CDF2-4024-974D-25B64F9043DE}.Release|Win32.ActiveCfg = Release|Win32
		{45F5738D-CDF2-4024-974D-25B64F9043DE}.Release|Win32.Build.0 = Release|Win32
		{6152D36C-EA40-4968-A696-244B6CA58395}.Debug|Win32.ActiveCfg = Debug|Win32
		{6152D36C-EA40-4968-A696-244B6CA58395}.Debug|Win32.Build.0 = Debug|Win32
		{6152D36C-EA40-4968-A696-244B6CA58395}.Release|Win32.ActiveCfg = Release|Win32
		{6152D36C-EA40-4968-A696-244B6CA58395}.Release|Win32.Build.0 = Release|Win32
		{324CFF47-4EB2-499A-BE5F-53A82E3BA14B}.Debug|Win32.ActiveCfg = Debug|Win32
		{324CFF47-4EB2-499A-BE5F-53A82E3BA14B}.Debug|Win32.Build.0 = Debug|Win32
		{324CFF47-4EB2-499A-BE5F-53A82E3BA14B}.Release|Win32.ActiveCfg = Release|Win32
		{324CFF47-4EB2-499A-BE5F-53A82E3BA14B}.Release|Win32.Build.0 = Release|Win32
		{1B97937D-8184-426C-BE71-29A163DC76C9}.Debug|Win32.ActiveCfg = Debug|Win32
		{1B97937D-8184-426C-BE71-29A163DC76C9}.Debug|Win32.Build.0 = Debug|Win32
		{1B97937D-8184-426C-BE71-29A163DC76C9}.Release|Win32.ActiveCfg = Release|Win32
		{1B97937D-8184-426C-BE71-29A163DC76C9}.Release|Win32.Build.0 = Release|Win32
		{69DFBE92-C06F-4CF8-9495-CA9BF2E3BAF2}.Debug|Win32.ActiveCfg = Debug|Win32
		{69DFBE92-C06F-4CF8-9495-CA9BF2E3BAF2}.Debug|Win32.Build.0 = Debug|Win32
		{69DFBE92-C06F-4CF8-9495-CA9BF2E3BAF2}.Release|Win32.ActiveCfg = Release|Win32
		{69DFBE92-C06F-4CF8-9495-CA9BF2E3BAF2}.Release|Win32.Build.0 = Release|Win32
		{A7062ED8-8910-48A5-A3BC-C1612672571F}.Debug|Win32.ActiveCfg = Debug|Win32
		{A7062ED8-8910-48A5-A3BC-C1612672571F}.Debug|Win32.Build.0 = Debug|Win32
		{A7062ED8-8910-48A5-A3BC-C1612672571F}.Release|Win32.ActiveCfg = Release|Win32
		{A7062ED8-8910-48A5-A3BC-C1612672571F}.Release|Win32.Build.0 = Release|Win32
	EndGlobalSection
	GlobalSection(SolutionProperties) = preSolution
		HideSolutionNode = FALSE
	EndGlobalSection
	GlobalSection(NestedProjects) = preSolution
		{3561A359-F9FD-48AB-A977-34E7E568BC8E} = {E8C0BB3C-0F04-4A0E-8755-5AE759E6288C}
		{FF7F943D-A89C-4E6C-97CF-84F7D8FF8EDF} = {44D7EDE1-8C27-4608-8018-F891280A77B2}
		{45F5738D-CDF2-4024-974D-25B64F9043DE} = {E8C0BB3C-0F04-4A0E-8755-5AE759E6288C}
		{6152D36C-EA40-4968-A696-244B6CA58395} = {E8C0BB3C-0F04-4A0E-8755-5AE759E6288C}
		{324CFF47-4EB2-499A-BE5F-53A82E3BA14B} = {E8C0BB3C-0F04-4A0E-8755-5AE759E6288C}
		{1B97937D-8184-426C-BE71-29A163DC76C9} = {44D7EDE1-8C27-4608-8018-F891280A77B2}
		{69DFBE92-C06F-4CF8-9495-CA9BF2E3BAF2} = {44D7EDE1-8C27-4608-8018-F891280A77B2}
		{A7062ED8-8910-48A5-A3BC-C1612672571F} = {44D7EDE1-8C27-4608-8018-F891280A77B2}
	EndGlobalSection
	GlobalSection(ExtensibilityGlobals) = postSolution
		SolutionGuid = {FAC2BE2F-19AF-477A-8DC6-4645E66868A4}
	EndGlobalSection
EndGlobal
