<?xml version="1.0" encoding="utf-8"?>
<Project ToolsVersion="4.0" xmlns="http://schemas.microsoft.com/developer/msbuild/2003">
  <ItemGroup>
    <Filter Include="Action">
      <UniqueIdentifier>{5be538cb-a432-4f84-9678-bbf408eca288}</UniqueIdentifier>
    </Filter>
    <Filter Include="Base">
      <UniqueIdentifier>{d4a509dd-1bc0-4456-9554-d414de91b50c}</UniqueIdentifier>
    </Filter>
    <Filter Include="Common">
      <UniqueIdentifier>{c907d829-e510-472c-bd47-cf4eab6f9266}</UniqueIdentifier>
    </Filter>
    <Filter Include="Manager">
      <UniqueIdentifier>{7b102f67-5905-4c0e-8400-51c128da026a}</UniqueIdentifier>
    </Filter>
    <Filter Include="Node">
      <UniqueIdentifier>{c536c42c-283d-4a10-b19b-0699b4f1e051}</UniqueIdentifier>
    </Filter>
    <Filter Include="Tool">
      <UniqueIdentifier>{17bdc67b-1801-4b69-b79b-ffcbbee8dae0}</UniqueIdentifier>
    </Filter>
    <Filter Include="Transition">
      <UniqueIdentifier>{6c760a81-9bc8-4fb0-a145-8e119b783365}</UniqueIdentifier>
    </Filter>
    <Filter Include="Collider">
      <UniqueIdentifier>{4c1db04d-1ba5-4313-924e-c58c35265eed}</UniqueIdentifier>
    </Filter>
    <Filter Include="Node\Shape">
      <UniqueIdentifier>{fe2c1cba-f77d-4a33-bc8a-4f40ecd9d618}</UniqueIdentifier>
    </Filter>
    <Filter Include="Tool\Listener">
      <UniqueIdentifier>{72484ebf-d464-4f37-ad9b-340b378f9701}</UniqueIdentifier>
    </Filter>
  </ItemGroup>
  <ItemGroup>
    <ClCompile Include="..\..\core\Action\Action.cpp">
      <Filter>Action</Filter>
    </ClCompile>
    <ClCompile Include="..\..\core\Action\ActionDelay.cpp">
      <Filter>Action</Filter>
    </ClCompile>
    <ClCompile Include="..\..\core\Action\ActionFunc.cpp">
      <Filter>Action</Filter>
    </ClCompile>
    <ClCompile Include="..\..\core\Action\ActionGradual.cpp">
      <Filter>Action</Filter>
    </ClCompile>
    <ClCompile Include="..\..\core\Action\ActionLoop.cpp">
      <Filter>Action</Filter>
    </ClCompile>
    <ClCompile Include="..\..\core\Action\ActionMoveBy.cpp">
      <Filter>Action</Filter>
    </ClCompile>
    <ClCompile Include="..\..\core\Action\ActionMoveTo.cpp">
      <Filter>Action</Filter>
    </ClCompile>
    <ClCompile Include="..\..\core\Action\ActionOpacityBy.cpp">
      <Filter>Action</Filter>
    </ClCompile>
    <ClCompile Include="..\..\core\Action\ActionOpacityTo.cpp">
      <Filter>Action</Filter>
    </ClCompile>
    <ClCompile Include="..\..\core\Action\ActionRotateBy.cpp">
      <Filter>Action</Filter>
    </ClCompile>
    <ClCompile Include="..\..\core\Action\ActionRotateTo.cpp">
      <Filter>Action</Filter>
    </ClCompile>
    <ClCompile Include="..\..\core\Action\ActionScaleBy.cpp">
      <Filter>Action</Filter>
    </ClCompile>
    <ClCompile Include="..\..\core\Action\ActionScaleTo.cpp">
      <Filter>Action</Filter>
    </ClCompile>
    <ClCompile Include="..\..\core\Action\ActionSequence.cpp">
      <Filter>Action</Filter>
    </ClCompile>
    <ClCompile Include="..\..\core\Action\ActionTwo.cpp">
      <Filter>Action</Filter>
    </ClCompile>
    <ClCompile Include="..\..\core\Action\Animation.cpp">
      <Filter>Action</Filter>
    </ClCompile>
    <ClCompile Include="..\..\core\Base\Game.cpp">
      <Filter>Base</Filter>
    </ClCompile>
    <ClCompile Include="..\..\core\Base\Input.cpp">
      <Filter>Base</Filter>
    </ClCompile>
    <ClCompile Include="..\..\core\Base\Renderer.cpp">
      <Filter>Base</Filter>
    </ClCompile>
    <ClCompile Include="..\..\core\Base\Time.cpp">
      <Filter>Base</Filter>
    </ClCompile>
    <ClCompile Include="..\..\core\Base\Window.cpp">
      <Filter>Base</Filter>
    </ClCompile>
    <ClCompile Include="..\..\core\Common\Font.cpp">
      <Filter>Common</Filter>
    </ClCompile>
    <ClCompile Include="..\..\core\Common\Image.cpp">
      <Filter>Common</Filter>
    </ClCompile>
    <ClCompile Include="..\..\core\Common\Object.cpp">
      <Filter>Common</Filter>
    </ClCompile>
    <ClCompile Include="..\..\core\Common\Point.cpp">
      <Filter>Common</Filter>
    </ClCompile>
    <ClCompile Include="..\..\core\Common\Scene.cpp">
      <Filter>Common</Filter>
    </ClCompile>
    <ClCompile Include="..\..\core\Common\Size.cpp">
      <Filter>Common</Filter>
    </ClCompile>
    <ClCompile Include="..\..\core\Common\String.cpp">
      <Filter>Common</Filter>
    </ClCompile>
    <ClCompile Include="..\..\core\Manager\ActionManager.cpp">
      <Filter>Manager</Filter>
    </ClCompile>
    <ClCompile Include="..\..\core\Manager\InputManager.cpp">
      <Filter>Manager</Filter>
    </ClCompile>
    <ClCompile Include="..\..\core\Manager\MusicManager.cpp">
      <Filter>Manager</Filter>
    </ClCompile>
    <ClCompile Include="..\..\core\Manager\ObjectManager.cpp">
      <Filter>Manager</Filter>
    </ClCompile>
    <ClCompile Include="..\..\core\Manager\SceneManager.cpp">
      <Filter>Manager</Filter>
    </ClCompile>
    <ClCompile Include="..\..\core\Manager\TimerManager.cpp">
      <Filter>Manager</Filter>
    </ClCompile>
    <ClCompile Include="..\..\core\Node\Button.cpp">
      <Filter>Node</Filter>
    </ClCompile>
    <ClCompile Include="..\..\core\Node\ButtonToggle.cpp">
      <Filter>Node</Filter>
    </ClCompile>
    <ClCompile Include="..\..\core\Node\Menu.cpp">
      <Filter>Node</Filter>
    </ClCompile>
    <ClCompile Include="..\..\core\Node\Node.cpp">
      <Filter>Node</Filter>
    </ClCompile>
    <ClCompile Include="..\..\core\Node\Sprite.cpp">
      <Filter>Node</Filter>
    </ClCompile>
    <ClCompile Include="..\..\core\Node\Text.cpp">
      <Filter>Node</Filter>
    </ClCompile>
    <ClCompile Include="..\..\core\Tool\Data.cpp">
      <Filter>Tool</Filter>
    </ClCompile>
    <ClCompile Include="..\..\core\Tool\Music.cpp">
      <Filter>Tool</Filter>
    </ClCompile>
    <ClCompile Include="..\..\core\Tool\Path.cpp">
      <Filter>Tool</Filter>
    </ClCompile>
    <ClCompile Include="..\..\core\Tool\Random.cpp">
      <Filter>Tool</Filter>
    </ClCompile>
    <ClCompile Include="..\..\core\Tool\Timer.cpp">
      <Filter>Tool</Filter>
    </ClCompile>
    <ClCompile Include="..\..\core\Transition\Transition.cpp">
      <Filter>Transition</Filter>
    </ClCompile>
    <ClCompile Include="..\..\core\Transition\TransitionEmerge.cpp">
      <Filter>Transition</Filter>
    </ClCompile>
    <ClCompile Include="..\..\core\Transition\TransitionFade.cpp">
      <Filter>Transition</Filter>
    </ClCompile>
    <ClCompile Include="..\..\core\Transition\TransitionMove.cpp">
      <Filter>Transition</Filter>
    </ClCompile>
    <ClCompile Include="..\..\core\Manager\ColliderManager.cpp">
      <Filter>Manager</Filter>
    </ClCompile>
    <ClCompile Include="..\..\core\Collider\Collider.cpp">
      <Filter>Collider</Filter>
    </ClCompile>
    <ClCompile Include="..\..\core\Collider\ColliderCircle.cpp">
      <Filter>Collider</Filter>
    </ClCompile>
    <ClCompile Include="..\..\core\Collider\ColliderEllipse.cpp">
      <Filter>Collider</Filter>
    </ClCompile>
    <ClCompile Include="..\..\core\Collider\ColliderRect.cpp">
      <Filter>Collider</Filter>
    </ClCompile>
    <ClCompile Include="..\..\core\Node\Shape\Circle.cpp">
      <Filter>Node\Shape</Filter>
    </ClCompile>
    <ClCompile Include="..\..\core\Node\Shape\Ellipse.cpp">
      <Filter>Node\Shape</Filter>
    </ClCompile>
    <ClCompile Include="..\..\core\Node\Shape\Rect.cpp">
      <Filter>Node\Shape</Filter>
    </ClCompile>
    <ClCompile Include="..\..\core\Node\Shape\RoundRect.cpp">
      <Filter>Node\Shape</Filter>
    </ClCompile>
    <ClCompile Include="..\..\core\Node\Shape\Shape.cpp">
      <Filter>Node\Shape</Filter>
    </ClCompile>
    <ClCompile Include="..\..\core\Tool\Listener\CollisionListener.cpp">
      <Filter>Tool\Listener</Filter>
    </ClCompile>
    <ClCompile Include="..\..\core\Tool\Listener\InputListener.cpp">
      <Filter>Tool\Listener</Filter>
    </ClCompile>
    <ClCompile Include="..\..\core\Tool\Listener\Listener.cpp">
      <Filter>Tool\Listener</Filter>
    </ClCompile>
  </ItemGroup>
  <ItemGroup>
    <ClInclude Include="..\..\core\eaction.h" />
    <ClInclude Include="..\..\core\easy2d.h" />
    <ClInclude Include="..\..\core\ebase.h" />
    <ClInclude Include="..\..\core\ecollider.h" />
    <ClInclude Include="..\..\core\ecommon.h" />
    <ClInclude Include="..\..\core\emacros.h" />
    <ClInclude Include="..\..\core\emanager.h" />
    <ClInclude Include="..\..\core\enode.h" />
    <ClInclude Include="..\..\core\eshape.h" />
    <ClInclude Include="..\..\core\etool.h" />
    <ClInclude Include="..\..\core\etransition.h" />
  </ItemGroup>
</Project>