<?xml version="1.0" encoding="utf-8"?>
<Project ToolsVersion="4.0" xmlns="http://schemas.microsoft.com/developer/msbuild/2003">
  <ItemGroup>
    <ClInclude Include="..\..\core\easy2d.h" />
    <ClInclude Include="..\..\core\base\ActionCombined.h">
      <Filter>base</Filter>
    </ClInclude>
    <ClInclude Include="..\..\core\base\ActionFiniteTime.h">
      <Filter>base</Filter>
    </ClInclude>
    <ClInclude Include="..\..\core\base\Animation.h">
      <Filter>base</Filter>
    </ClInclude>
    <ClInclude Include="..\..\core\base\audio.h">
      <Filter>base</Filter>
    </ClInclude>
    <ClInclude Include="..\..\core\base\CallFunc.h">
      <Filter>base</Filter>
    </ClInclude>
    <ClInclude Include="..\..\core\base\Canvas.h">
      <Filter>base</Filter>
    </ClInclude>
    <ClInclude Include="..\..\core\base\Color.h">
      <Filter>base</Filter>
    </ClInclude>
    <ClInclude Include="..\..\core\base\Game.h">
      <Filter>base</Filter>
    </ClInclude>
    <ClInclude Include="..\..\core\base\Image.h">
      <Filter>base</Filter>
    </ClInclude>
    <ClInclude Include="..\..\core\base\Input.h">
      <Filter>base</Filter>
    </ClInclude>
    <ClInclude Include="..\..\core\base\logs.h">
      <Filter>base</Filter>
    </ClInclude>
    <ClInclude Include="..\..\core\base\macros.h">
      <Filter>base</Filter>
    </ClInclude>
    <ClInclude Include="..\..\core\base\modules.h">
      <Filter>base</Filter>
    </ClInclude>
    <ClInclude Include="..\..\core\base\Node.h">
      <Filter>base</Filter>
    </ClInclude>
    <ClInclude Include="..\..\core\base\Rect.hpp">
      <Filter>base</Filter>
    </ClInclude>
    <ClInclude Include="..\..\core\base\render.h">
      <Filter>base</Filter>
    </ClInclude>
    <ClInclude Include="..\..\core\base\Resource.h">
      <Filter>base</Filter>
    </ClInclude>
    <ClInclude Include="..\..\core\base\Scene.h">
      <Filter>base</Filter>
    </ClInclude>
    <ClInclude Include="..\..\core\base\Sprite.h">
      <Filter>base</Filter>
    </ClInclude>
    <ClInclude Include="..\..\core\base\Task.h">
      <Filter>base</Filter>
    </ClInclude>
    <ClInclude Include="..\..\core\base\Text.h">
      <Filter>base</Filter>
    </ClInclude>
    <ClInclude Include="..\..\core\base\TextRenderer.h">
      <Filter>base</Filter>
    </ClInclude>
    <ClInclude Include="..\..\core\base\time.h">
      <Filter>base</Filter>
    </ClInclude>
    <ClInclude Include="..\..\core\base\Transition.h">
      <Filter>base</Filter>
    </ClInclude>
    <ClInclude Include="..\..\core\base\window.h">
      <Filter>base</Filter>
    </ClInclude>
    <ClInclude Include="..\..\core\base\KeyEvent.h">
      <Filter>base</Filter>
    </ClInclude>
    <ClInclude Include="..\..\core\base\MouseEvent.h">
      <Filter>base</Filter>
    </ClInclude>
    <ClInclude Include="..\..\core\math\Matrix.hpp">
      <Filter>math</Filter>
    </ClInclude>
    <ClInclude Include="..\..\core\math\rand.h">
      <Filter>math</Filter>
    </ClInclude>
    <ClInclude Include="..\..\core\math\scalar.hpp">
      <Filter>math</Filter>
    </ClInclude>
    <ClInclude Include="..\..\core\math\vector.hpp">
      <Filter>math</Filter>
    </ClInclude>
    <ClInclude Include="..\..\core\utils\Data.h">
      <Filter>utils</Filter>
    </ClInclude>
    <ClInclude Include="..\..\core\utils\File.h">
      <Filter>utils</Filter>
    </ClInclude>
    <ClInclude Include="..\..\core\utils\Path.h">
      <Filter>utils</Filter>
    </ClInclude>
    <ClInclude Include="..\..\core\utils\Player.h">
      <Filter>utils</Filter>
    </ClInclude>
    <ClInclude Include="..\..\core\utils\Transcoder.h">
      <Filter>utils</Filter>
    </ClInclude>
    <ClInclude Include="..\..\core\ui\Button.h">
      <Filter>ui</Filter>
    </ClInclude>
    <ClInclude Include="..\..\core\ui\Menu.h">
      <Filter>ui</Filter>
    </ClInclude>
    <ClInclude Include="..\..\core\base\Music.h">
      <Filter>base</Filter>
    </ClInclude>
    <ClInclude Include="..\..\core\base\Singleton.hpp">
      <Filter>base</Filter>
    </ClInclude>
    <ClInclude Include="..\..\core\base\RefCounter.hpp">
      <Filter>base</Filter>
    </ClInclude>
    <ClInclude Include="..\..\core\base\Action.hpp">
      <Filter>base</Filter>
    </ClInclude>
    <ClInclude Include="..\..\core\base\ActionManager.h">
      <Filter>base</Filter>
    </ClInclude>
    <ClInclude Include="..\..\core\base\TaskManager.h">
      <Filter>base</Filter>
    </ClInclude>
    <ClInclude Include="..\..\core\base\TextStyle.hpp">
      <Filter>base</Filter>
    </ClInclude>
    <ClInclude Include="..\..\core\base\Font.hpp">
      <Filter>base</Filter>
    </ClInclude>
    <ClInclude Include="..\..\core\base\intrusive\List.hpp">
      <Filter>base\intrusive</Filter>
    </ClInclude>
    <ClInclude Include="..\..\core\base\intrusive\SmartPointer.hpp">
      <Filter>base\intrusive</Filter>
    </ClInclude>
    <ClInclude Include="..\..\core\base\base.hpp">
      <Filter>base</Filter>
    </ClInclude>
    <ClInclude Include="..\..\core\base\BaseTypes.hpp">
      <Filter>base</Filter>
    </ClInclude>
    <ClInclude Include="..\..\core\base\Transform.hpp">
      <Filter>base</Filter>
    </ClInclude>
    <ClInclude Include="..\..\core\base\Point.hpp">
      <Filter>base</Filter>
    </ClInclude>
    <ClInclude Include="..\..\core\base\Size.hpp">
      <Filter>base</Filter>
    </ClInclude>
  </ItemGroup>
  <ItemGroup>
    <Filter Include="base">
      <UniqueIdentifier>{896bdedf-6e82-449b-9b6e-0bc69f3699b1}</UniqueIdentifier>
    </Filter>
    <Filter Include="math">
      <UniqueIdentifier>{80bc6386-2b70-4bae-993c-649a55163a1b}</UniqueIdentifier>
    </Filter>
    <Filter Include="utils">
      <UniqueIdentifier>{68eac919-ee87-4030-a033-c251731928f5}</UniqueIdentifier>
    </Filter>
    <Filter Include="ui">
      <UniqueIdentifier>{07b6d541-4a1b-472a-aae0-daf9d082fe84}</UniqueIdentifier>
    </Filter>
    <Filter Include="base\intrusive">
      <UniqueIdentifier>{0f508149-735a-43da-ab16-36cc1e9ab63a}</UniqueIdentifier>
    </Filter>
  </ItemGroup>
  <ItemGroup>
    <ClCompile Include="..\..\core\base\ActionCombined.cpp">
      <Filter>base</Filter>
    </ClCompile>
    <ClCompile Include="..\..\core\base\ActionFiniteTime.cpp">
      <Filter>base</Filter>
    </ClCompile>
    <ClCompile Include="..\..\core\base\Animation.cpp">
      <Filter>base</Filter>
    </ClCompile>
    <ClCompile Include="..\..\core\base\audio.cpp">
      <Filter>base</Filter>
    </ClCompile>
    <ClCompile Include="..\..\core\base\CallFunc.cpp">
      <Filter>base</Filter>
    </ClCompile>
    <ClCompile Include="..\..\core\base\Canvas.cpp">
      <Filter>base</Filter>
    </ClCompile>
    <ClCompile Include="..\..\core\base\Color.cpp">
      <Filter>base</Filter>
    </ClCompile>
    <ClCompile Include="..\..\core\base\Game.cpp">
      <Filter>base</Filter>
    </ClCompile>
    <ClCompile Include="..\..\core\base\Image.cpp">
      <Filter>base</Filter>
    </ClCompile>
    <ClCompile Include="..\..\core\base\Input.cpp">
      <Filter>base</Filter>
    </ClCompile>
    <ClCompile Include="..\..\core\base\modules.cpp">
      <Filter>base</Filter>
    </ClCompile>
    <ClCompile Include="..\..\core\base\Node.cpp">
      <Filter>base</Filter>
    </ClCompile>
    <ClCompile Include="..\..\core\base\render.cpp">
      <Filter>base</Filter>
    </ClCompile>
    <ClCompile Include="..\..\core\base\Resource.cpp">
      <Filter>base</Filter>
    </ClCompile>
    <ClCompile Include="..\..\core\base\Scene.cpp">
      <Filter>base</Filter>
    </ClCompile>
    <ClCompile Include="..\..\core\base\Sprite.cpp">
      <Filter>base</Filter>
    </ClCompile>
    <ClCompile Include="..\..\core\base\Task.cpp">
      <Filter>base</Filter>
    </ClCompile>
    <ClCompile Include="..\..\core\base\Text.cpp">
      <Filter>base</Filter>
    </ClCompile>
    <ClCompile Include="..\..\core\base\TextRenderer.cpp">
      <Filter>base</Filter>
    </ClCompile>
    <ClCompile Include="..\..\core\base\time.cpp">
      <Filter>base</Filter>
    </ClCompile>
    <ClCompile Include="..\..\core\base\Transition.cpp">
      <Filter>base</Filter>
    </ClCompile>
    <ClCompile Include="..\..\core\base\window.cpp">
      <Filter>base</Filter>
    </ClCompile>
    <ClCompile Include="..\..\core\base\KeyEvent.cpp">
      <Filter>base</Filter>
    </ClCompile>
    <ClCompile Include="..\..\core\base\MouseEvent.cpp">
      <Filter>base</Filter>
    </ClCompile>
    <ClCompile Include="..\..\core\math\rand.cpp">
      <Filter>math</Filter>
    </ClCompile>
    <ClCompile Include="..\..\core\utils\Data.cpp">
      <Filter>utils</Filter>
    </ClCompile>
    <ClCompile Include="..\..\core\utils\File.cpp">
      <Filter>utils</Filter>
    </ClCompile>
    <ClCompile Include="..\..\core\utils\Path.cpp">
      <Filter>utils</Filter>
    </ClCompile>
    <ClCompile Include="..\..\core\utils\Player.cpp">
      <Filter>utils</Filter>
    </ClCompile>
    <ClCompile Include="..\..\core\utils\Transcoder.cpp">
      <Filter>utils</Filter>
    </ClCompile>
    <ClCompile Include="..\..\core\ui\Button.cpp">
      <Filter>ui</Filter>
    </ClCompile>
    <ClCompile Include="..\..\core\ui\Menu.cpp">
      <Filter>ui</Filter>
    </ClCompile>
    <ClCompile Include="..\..\core\base\Music.cpp">
      <Filter>base</Filter>
    </ClCompile>
    <ClCompile Include="..\..\core\base\TaskManager.cpp">
      <Filter>base</Filter>
    </ClCompile>
    <ClCompile Include="..\..\core\base\ActionManager.cpp">
      <Filter>base</Filter>
    </ClCompile>
  </ItemGroup>
</Project>