<?xml version="1.0" encoding="utf-8"?>
<Project ToolsVersion="4.0" xmlns="http://schemas.microsoft.com/developer/msbuild/2003">
  <ItemGroup>
    <Filter Include="src">
      <UniqueIdentifier>{ed21cd51-048d-4bbc-804a-d09a8afa1423}</UniqueIdentifier>
    </Filter>
    <Filter Include="3rd-party">
      <UniqueIdentifier>{f737b6d4-4462-49c1-8e9d-5c834bed598f}</UniqueIdentifier>
    </Filter>
    <Filter Include="3rd-party\imgui">
      <UniqueIdentifier>{5b9d2eaa-0247-4ef5-8410-3221821b1221}</UniqueIdentifier>
    </Filter>
  </ItemGroup>
  <ItemGroup>
    <ClInclude Include="..\..\src\kiwano-imgui\src\imgui_impl_dx10.h">
      <Filter>src</Filter>
    </ClInclude>
    <ClInclude Include="..\..\src\kiwano-imgui\src\imgui_impl_dx11.h">
      <Filter>src</Filter>
    </ClInclude>
    <ClInclude Include="..\..\src\kiwano-imgui\src\ImGuiLayer.h">
      <Filter>src</Filter>
    </ClInclude>
    <ClInclude Include="..\..\src\3rd-party\imgui\imconfig.h">
      <Filter>3rd-party\imgui</Filter>
    </ClInclude>
    <ClInclude Include="..\..\src\3rd-party\imgui\imgui.h">
      <Filter>3rd-party\imgui</Filter>
    </ClInclude>
    <ClInclude Include="..\..\src\3rd-party\imgui\imgui_internal.h">
      <Filter>3rd-party\imgui</Filter>
    </ClInclude>
    <ClInclude Include="..\..\src\3rd-party\imgui\imstb_rectpack.h">
      <Filter>3rd-party\imgui</Filter>
    </ClInclude>
    <ClInclude Include="..\..\src\3rd-party\imgui\imstb_textedit.h">
      <Filter>3rd-party\imgui</Filter>
    </ClInclude>
    <ClInclude Include="..\..\src\3rd-party\imgui\imstb_truetype.h">
      <Filter>3rd-party\imgui</Filter>
    </ClInclude>
    <ClInclude Include="..\..\src\kiwano-imgui\kiwano-imgui.h" />
    <ClInclude Include="..\..\src\kiwano-imgui\src\imgui_impl.h">
      <Filter>src</Filter>
    </ClInclude>
    <ClInclude Include="..\..\src\kiwano-imgui\src\ImGuiModule.h">
      <Filter>src</Filter>
    </ClInclude>
  </ItemGroup>
  <ItemGroup>
    <ClCompile Include="..\..\src\kiwano-imgui\src\imgui_impl_dx10.cpp">
      <Filter>src</Filter>
    </ClCompile>
    <ClCompile Include="..\..\src\kiwano-imgui\src\imgui_impl_dx11.cpp">
      <Filter>src</Filter>
    </ClCompile>
    <ClCompile Include="..\..\src\kiwano-imgui\src\ImGuiLayer.cpp">
      <Filter>src</Filter>
    </ClCompile>
    <ClCompile Include="..\..\src\3rd-party\imgui\imgui.cpp">
      <Filter>3rd-party\imgui</Filter>
    </ClCompile>
    <ClCompile Include="..\..\src\3rd-party\imgui\imgui_demo.cpp">
      <Filter>3rd-party\imgui</Filter>
    </ClCompile>
    <ClCompile Include="..\..\src\3rd-party\imgui\imgui_draw.cpp">
      <Filter>3rd-party\imgui</Filter>
    </ClCompile>
    <ClCompile Include="..\..\src\3rd-party\imgui\imgui_widgets.cpp">
      <Filter>3rd-party\imgui</Filter>
    </ClCompile>
    <ClCompile Include="..\..\src\kiwano-imgui\src\ImGuiModule.cpp">
      <Filter>src</Filter>
    </ClCompile>
  </ItemGroup>
</Project>