<?xml version="1.0" encoding="utf-8"?>
<Project ToolsVersion="4.0" xmlns="http://schemas.microsoft.com/developer/msbuild/2003">
  <ItemGroup>
    <Filter Include="Tool">
      <UniqueIdentifier>{42d46a92-c043-4667-8c20-358319e5c313}</UniqueIdentifier>
    </Filter>
    <Filter Include="Node">
      <UniqueIdentifier>{51864c81-02ee-4043-bf09-9ce3cbe5b6da}</UniqueIdentifier>
    </Filter>
    <Filter Include="Base">
      <UniqueIdentifier>{261633d3-3814-40c7-bd6d-201ede6c6ade}</UniqueIdentifier>
    </Filter>
    <Filter Include="Action">
      <UniqueIdentifier>{50293f38-87fe-4dde-b938-cf1b7a2921f8}</UniqueIdentifier>
    </Filter>
    <Filter Include="Transition">
      <UniqueIdentifier>{563b19f2-4c5e-4362-983a-94d2ae724550}</UniqueIdentifier>
    </Filter>
    <Filter Include="Manager">
      <UniqueIdentifier>{9031e36b-fa85-4b4e-8e80-657c7e68f283}</UniqueIdentifier>
    </Filter>
    <Filter Include="Common">
      <UniqueIdentifier>{be5d9314-b00a-4f11-bd2a-1f720dc32407}</UniqueIdentifier>
    </Filter>
    <Filter Include="Collider">
      <UniqueIdentifier>{765a2a00-5764-40f9-a15d-17b0640c6b53}</UniqueIdentifier>
    </Filter>
    <Filter Include="Node\Shape">
      <UniqueIdentifier>{eb72b49a-5b2f-4fc0-9ad2-8f5e02efac6f}</UniqueIdentifier>
    </Filter>
    <Filter Include="Custom">
      <UniqueIdentifier>{3475b59d-d50c-43b1-8334-bcb9e1703ed2}</UniqueIdentifier>
    </Filter>
  </ItemGroup>
  <ItemGroup>
    <ClCompile Include="..\..\core\Base\Input.cpp">
      <Filter>Base</Filter>
    </ClCompile>
    <ClCompile Include="..\..\core\Common\Image.cpp">
      <Filter>Common</Filter>
    </ClCompile>
    <ClCompile Include="..\..\core\Common\Object.cpp">
      <Filter>Common</Filter>
    </ClCompile>
    <ClCompile Include="..\..\core\Common\String.cpp">
      <Filter>Common</Filter>
    </ClCompile>
    <ClCompile Include="..\..\core\Common\Scene.cpp">
      <Filter>Common</Filter>
    </ClCompile>
    <ClCompile Include="..\..\core\Manager\ActionManager.cpp">
      <Filter>Manager</Filter>
    </ClCompile>
    <ClCompile Include="..\..\core\Node\Button.cpp">
      <Filter>Node</Filter>
    </ClCompile>
    <ClCompile Include="..\..\core\Node\Menu.cpp">
      <Filter>Node</Filter>
    </ClCompile>
    <ClCompile Include="..\..\core\Node\Node.cpp">
      <Filter>Node</Filter>
    </ClCompile>
    <ClCompile Include="..\..\core\Node\Sprite.cpp">
      <Filter>Node</Filter>
    </ClCompile>
    <ClCompile Include="..\..\core\Node\Text.cpp">
      <Filter>Node</Filter>
    </ClCompile>
    <ClCompile Include="..\..\core\Tool\Random.cpp">
      <Filter>Tool</Filter>
    </ClCompile>
    <ClCompile Include="..\..\core\Tool\Timer.cpp">
      <Filter>Tool</Filter>
    </ClCompile>
    <ClCompile Include="..\..\core\Base\Game.cpp">
      <Filter>Base</Filter>
    </ClCompile>
    <ClCompile Include="..\..\core\Base\Window.cpp">
      <Filter>Base</Filter>
    </ClCompile>
    <ClCompile Include="..\..\core\Manager\SceneManager.cpp">
      <Filter>Manager</Filter>
    </ClCompile>
    <ClCompile Include="..\..\core\Base\Time.cpp">
      <Filter>Base</Filter>
    </ClCompile>
    <ClCompile Include="..\..\core\Base\Renderer.cpp">
      <Filter>Base</Filter>
    </ClCompile>
    <ClCompile Include="..\..\core\Common\Point.cpp">
      <Filter>Common</Filter>
    </ClCompile>
    <ClCompile Include="..\..\core\Common\Size.cpp">
      <Filter>Common</Filter>
    </ClCompile>
    <ClCompile Include="..\..\core\Tool\Data.cpp">
      <Filter>Tool</Filter>
    </ClCompile>
    <ClCompile Include="..\..\core\Tool\Path.cpp">
      <Filter>Tool</Filter>
    </ClCompile>
    <ClCompile Include="..\..\core\Collider\Collider.cpp">
      <Filter>Collider</Filter>
    </ClCompile>
    <ClCompile Include="..\..\core\Manager\ColliderManager.cpp">
      <Filter>Manager</Filter>
    </ClCompile>
    <ClCompile Include="..\..\core\Node\Shape\Shape.cpp">
      <Filter>Node\Shape</Filter>
    </ClCompile>
    <ClCompile Include="..\..\core\Common\Color.cpp">
      <Filter>Common</Filter>
    </ClCompile>
    <ClCompile Include="..\..\core\Common\Function.cpp">
      <Filter>Common</Filter>
    </ClCompile>
    <ClCompile Include="..\..\core\Action\Action.cpp">
      <Filter>Action</Filter>
    </ClCompile>
    <ClCompile Include="..\..\core\Action\Sequence.cpp">
      <Filter>Action</Filter>
    </ClCompile>
    <ClCompile Include="..\..\core\Action\ScaleTo.cpp">
      <Filter>Action</Filter>
    </ClCompile>
    <ClCompile Include="..\..\core\Action\ScaleBy.cpp">
      <Filter>Action</Filter>
    </ClCompile>
    <ClCompile Include="..\..\core\Action\RotateTo.cpp">
      <Filter>Action</Filter>
    </ClCompile>
    <ClCompile Include="..\..\core\Action\RotateBy.cpp">
      <Filter>Action</Filter>
    </ClCompile>
    <ClCompile Include="..\..\core\Action\OpacityTo.cpp">
      <Filter>Action</Filter>
    </ClCompile>
    <ClCompile Include="..\..\core\Action\OpacityBy.cpp">
      <Filter>Action</Filter>
    </ClCompile>
    <ClCompile Include="..\..\core\Action\MoveTo.cpp">
      <Filter>Action</Filter>
    </ClCompile>
    <ClCompile Include="..\..\core\Action\MoveBy.cpp">
      <Filter>Action</Filter>
    </ClCompile>
    <ClCompile Include="..\..\core\Action\Loop.cpp">
      <Filter>Action</Filter>
    </ClCompile>
    <ClCompile Include="..\..\core\Action\CallFunc.cpp">
      <Filter>Action</Filter>
    </ClCompile>
    <ClCompile Include="..\..\core\Action\Delay.cpp">
      <Filter>Action</Filter>
    </ClCompile>
    <ClCompile Include="..\..\core\Action\Spawn.cpp">
      <Filter>Action</Filter>
    </ClCompile>
    <ClCompile Include="..\..\core\Transition\Transition.cpp">
      <Filter>Transition</Filter>
    </ClCompile>
    <ClCompile Include="..\..\core\Action\Animate.cpp">
      <Filter>Action</Filter>
    </ClCompile>
    <ClCompile Include="..\..\core\Action\JumpBy.cpp">
      <Filter>Action</Filter>
    </ClCompile>
    <ClCompile Include="..\..\core\Action\JumpTo.cpp">
      <Filter>Action</Filter>
    </ClCompile>
    <ClCompile Include="..\..\core\Tool\Player.cpp">
      <Filter>Tool</Filter>
    </ClCompile>
    <ClCompile Include="..\..\core\Tool\Music.cpp">
      <Filter>Tool</Filter>
    </ClCompile>
    <ClCompile Include="..\..\core\Collider\Collision.cpp">
      <Filter>Collider</Filter>
    </ClCompile>
    <ClCompile Include="..\..\core\Action\Animation.cpp">
      <Filter>Action</Filter>
    </ClCompile>
    <ClCompile Include="..\..\core\Base\GC.cpp">
      <Filter>Base</Filter>
    </ClCompile>
    <ClCompile Include="..\..\core\Custom\VoiceCallback.cpp">
      <Filter>Custom</Filter>
    </ClCompile>
    <ClCompile Include="..\..\core\Custom\TextRenderer.cpp">
      <Filter>Custom</Filter>
    </ClCompile>
    <ClCompile Include="..\..\core\Tool\Listener.cpp">
      <Filter>Tool</Filter>
    </ClCompile>
    <ClCompile Include="..\..\core\Common\Font.cpp">
      <Filter>Common</Filter>
    </ClCompile>
    <ClCompile Include="..\..\core\Node\Shape\CircleShape.cpp">
      <Filter>Node\Shape</Filter>
    </ClCompile>
    <ClCompile Include="..\..\core\Node\Shape\EllipseShape.cpp">
      <Filter>Node\Shape</Filter>
    </ClCompile>
    <ClCompile Include="..\..\core\Node\Shape\RectShape.cpp">
      <Filter>Node\Shape</Filter>
    </ClCompile>
    <ClCompile Include="..\..\core\Node\Shape\RoundRectShape.cpp">
      <Filter>Node\Shape</Filter>
    </ClCompile>
    <ClCompile Include="..\..\core\Transition\BoxTransition.cpp">
      <Filter>Transition</Filter>
    </ClCompile>
    <ClCompile Include="..\..\core\Transition\EmergeTransition.cpp">
      <Filter>Transition</Filter>
    </ClCompile>
    <ClCompile Include="..\..\core\Transition\FadeTransition.cpp">
      <Filter>Transition</Filter>
    </ClCompile>
    <ClCompile Include="..\..\core\Transition\MoveTransition.cpp">
      <Filter>Transition</Filter>
    </ClCompile>
    <ClCompile Include="..\..\core\Collider\CircleCollider.cpp">
      <Filter>Collider</Filter>
    </ClCompile>
    <ClCompile Include="..\..\core\Collider\EllipseCollider.cpp">
      <Filter>Collider</Filter>
    </ClCompile>
    <ClCompile Include="..\..\core\Collider\RectCollider.cpp">
      <Filter>Collider</Filter>
    </ClCompile>
    <ClCompile Include="..\..\core\Action\FiniteTimeAction.cpp">
      <Filter>Action</Filter>
    </ClCompile>
    <ClCompile Include="..\..\core\Node\ToggleButton.cpp">
      <Filter>Node</Filter>
    </ClCompile>
    <ClCompile Include="..\..\core\Common\Rect.cpp">
      <Filter>Common</Filter>
    </ClCompile>
    <ClCompile Include="..\..\core\Custom\Exception.cpp">
      <Filter>Custom</Filter>
    </ClCompile>
    <ClCompile Include="..\..\core\Custom\SystemException.cpp">
      <Filter>Custom</Filter>
    </ClCompile>
  </ItemGroup>
  <ItemGroup>
    <ClInclude Include="..\..\core\easy2d.h" />
    <ClInclude Include="..\..\core\e2daction.h" />
    <ClInclude Include="..\..\core\e2dbase.h" />
    <ClInclude Include="..\..\core\e2dcollider.h" />
    <ClInclude Include="..\..\core\e2dcommon.h" />
    <ClInclude Include="..\..\core\e2dmacros.h" />
    <ClInclude Include="..\..\core\e2dmanager.h" />
    <ClInclude Include="..\..\core\e2dnode.h" />
    <ClInclude Include="..\..\core\e2dshape.h" />
    <ClInclude Include="..\..\core\e2dtool.h" />
    <ClInclude Include="..\..\core\e2dtransition.h" />
    <ClInclude Include="..\..\core\e2dcustom.h" />
  </ItemGroup>
</Project>