<?xml version="1.0" encoding="utf-8"?>
<Project ToolsVersion="4.0" xmlns="http://schemas.microsoft.com/developer/msbuild/2003">
  <ItemGroup>
    <Filter Include="utils">
      <UniqueIdentifier>{be5d9314-b00a-4f11-bd2a-1f720dc32407}</UniqueIdentifier>
    </Filter>
    <Filter Include="modules">
      <UniqueIdentifier>{261633d3-3814-40c7-bd6d-201ede6c6ade}</UniqueIdentifier>
    </Filter>
    <Filter Include="actions">
      <UniqueIdentifier>{50293f38-87fe-4dde-b938-cf1b7a2921f8}</UniqueIdentifier>
    </Filter>
    <Filter Include="components">
      <UniqueIdentifier>{7ffdcb87-b6a2-4815-be96-5598f74155ee}</UniqueIdentifier>
    </Filter>
    <Filter Include="impl">
      <UniqueIdentifier>{3475b59d-d50c-43b1-8334-bcb9e1703ed2}</UniqueIdentifier>
    </Filter>
    <Filter Include="events">
      <UniqueIdentifier>{6c9657de-02d5-4d3b-9e1d-bc921eb5aea3}</UniqueIdentifier>
    </Filter>
    <Filter Include="managers">
      <UniqueIdentifier>{9031e36b-fa85-4b4e-8e80-657c7e68f283}</UniqueIdentifier>
    </Filter>
    <Filter Include="transitions">
      <UniqueIdentifier>{563b19f2-4c5e-4362-983a-94d2ae724550}</UniqueIdentifier>
    </Filter>
    <Filter Include="tools">
      <UniqueIdentifier>{42d46a92-c043-4667-8c20-358319e5c313}</UniqueIdentifier>
    </Filter>
    <Filter Include="objects">
      <UniqueIdentifier>{51864c81-02ee-4043-bf09-9ce3cbe5b6da}</UniqueIdentifier>
    </Filter>
  </ItemGroup>
  <ItemGroup>
    <ClCompile Include="..\..\core\actions\Action.cpp">
      <Filter>actions</Filter>
    </ClCompile>
    <ClCompile Include="..\..\core\actions\Animate.cpp">
      <Filter>actions</Filter>
    </ClCompile>
    <ClCompile Include="..\..\core\actions\Animation.cpp">
      <Filter>actions</Filter>
    </ClCompile>
    <ClCompile Include="..\..\core\actions\Callback.cpp">
      <Filter>actions</Filter>
    </ClCompile>
    <ClCompile Include="..\..\core\actions\Delay.cpp">
      <Filter>actions</Filter>
    </ClCompile>
    <ClCompile Include="..\..\core\actions\FadeIn.cpp">
      <Filter>actions</Filter>
    </ClCompile>
    <ClCompile Include="..\..\core\actions\FadeOut.cpp">
      <Filter>actions</Filter>
    </ClCompile>
    <ClCompile Include="..\..\core\actions\FiniteTimeAction.cpp">
      <Filter>actions</Filter>
    </ClCompile>
    <ClCompile Include="..\..\core\actions\JumpBy.cpp">
      <Filter>actions</Filter>
    </ClCompile>
    <ClCompile Include="..\..\core\actions\JumpTo.cpp">
      <Filter>actions</Filter>
    </ClCompile>
    <ClCompile Include="..\..\core\actions\Loop.cpp">
      <Filter>actions</Filter>
    </ClCompile>
    <ClCompile Include="..\..\core\actions\MoveBy.cpp">
      <Filter>actions</Filter>
    </ClCompile>
    <ClCompile Include="..\..\core\actions\MoveTo.cpp">
      <Filter>actions</Filter>
    </ClCompile>
    <ClCompile Include="..\..\core\actions\OpacityBy.cpp">
      <Filter>actions</Filter>
    </ClCompile>
    <ClCompile Include="..\..\core\actions\OpacityTo.cpp">
      <Filter>actions</Filter>
    </ClCompile>
    <ClCompile Include="..\..\core\actions\RotateBy.cpp">
      <Filter>actions</Filter>
    </ClCompile>
    <ClCompile Include="..\..\core\actions\RotateTo.cpp">
      <Filter>actions</Filter>
    </ClCompile>
    <ClCompile Include="..\..\core\actions\ScaleBy.cpp">
      <Filter>actions</Filter>
    </ClCompile>
    <ClCompile Include="..\..\core\actions\ScaleTo.cpp">
      <Filter>actions</Filter>
    </ClCompile>
    <ClCompile Include="..\..\core\actions\Sequence.cpp">
      <Filter>actions</Filter>
    </ClCompile>
    <ClCompile Include="..\..\core\actions\Spawn.cpp">
      <Filter>actions</Filter>
    </ClCompile>
    <ClCompile Include="..\..\core\modules\Audio.cpp">
      <Filter>modules</Filter>
    </ClCompile>
    <ClCompile Include="..\..\core\modules\Game.cpp">
      <Filter>modules</Filter>
    </ClCompile>
    <ClCompile Include="..\..\core\modules\GC.cpp">
      <Filter>modules</Filter>
    </ClCompile>
    <ClCompile Include="..\..\core\modules\Input.cpp">
      <Filter>modules</Filter>
    </ClCompile>
    <ClCompile Include="..\..\core\modules\Window.cpp">
      <Filter>modules</Filter>
    </ClCompile>
    <ClCompile Include="..\..\core\utils\Color.cpp">
      <Filter>utils</Filter>
    </ClCompile>
    <ClCompile Include="..\..\core\utils\Duration.cpp">
      <Filter>utils</Filter>
    </ClCompile>
    <ClCompile Include="..\..\core\utils\Font.cpp">
      <Filter>utils</Filter>
    </ClCompile>
    <ClCompile Include="..\..\core\utils\Function.cpp">
      <Filter>utils</Filter>
    </ClCompile>
    <ClCompile Include="..\..\core\utils\Point.cpp">
      <Filter>utils</Filter>
    </ClCompile>
    <ClCompile Include="..\..\core\utils\Rect.cpp">
      <Filter>utils</Filter>
    </ClCompile>
    <ClCompile Include="..\..\core\utils\Resource.cpp">
      <Filter>utils</Filter>
    </ClCompile>
    <ClCompile Include="..\..\core\utils\Size.cpp">
      <Filter>utils</Filter>
    </ClCompile>
    <ClCompile Include="..\..\core\utils\String.cpp">
      <Filter>utils</Filter>
    </ClCompile>
    <ClCompile Include="..\..\core\utils\Time.cpp">
      <Filter>utils</Filter>
    </ClCompile>
    <ClCompile Include="..\..\core\components\Button.cpp">
      <Filter>components</Filter>
    </ClCompile>
    <ClCompile Include="..\..\core\components\Menu.cpp">
      <Filter>components</Filter>
    </ClCompile>
    <ClCompile Include="..\..\core\impl\TextRenderer.cpp">
      <Filter>impl</Filter>
    </ClCompile>
    <ClCompile Include="..\..\core\impl\VoiceCallback.cpp">
      <Filter>impl</Filter>
    </ClCompile>
    <ClCompile Include="..\..\core\events\Collision.cpp">
      <Filter>events</Filter>
    </ClCompile>
    <ClCompile Include="..\..\core\events\KeyEvent.cpp">
      <Filter>events</Filter>
    </ClCompile>
    <ClCompile Include="..\..\core\events\MouseEvent.cpp">
      <Filter>events</Filter>
    </ClCompile>
    <ClCompile Include="..\..\core\managers\CollisionManager.cpp">
      <Filter>managers</Filter>
    </ClCompile>
    <ClCompile Include="..\..\core\tools\Data.cpp">
      <Filter>tools</Filter>
    </ClCompile>
    <ClCompile Include="..\..\core\tools\File.cpp">
      <Filter>tools</Filter>
    </ClCompile>
    <ClCompile Include="..\..\core\tools\Music.cpp">
      <Filter>tools</Filter>
    </ClCompile>
    <ClCompile Include="..\..\core\tools\Path.cpp">
      <Filter>tools</Filter>
    </ClCompile>
    <ClCompile Include="..\..\core\tools\Player.cpp">
      <Filter>tools</Filter>
    </ClCompile>
    <ClCompile Include="..\..\core\tools\Random.cpp">
      <Filter>tools</Filter>
    </ClCompile>
    <ClCompile Include="..\..\core\transitions\BoxTransition.cpp">
      <Filter>transitions</Filter>
    </ClCompile>
    <ClCompile Include="..\..\core\transitions\EmergeTransition.cpp">
      <Filter>transitions</Filter>
    </ClCompile>
    <ClCompile Include="..\..\core\transitions\FadeTransition.cpp">
      <Filter>transitions</Filter>
    </ClCompile>
    <ClCompile Include="..\..\core\transitions\MoveTransition.cpp">
      <Filter>transitions</Filter>
    </ClCompile>
    <ClCompile Include="..\..\core\transitions\RotationTransition.cpp">
      <Filter>transitions</Filter>
    </ClCompile>
    <ClCompile Include="..\..\core\transitions\Transition.cpp">
      <Filter>transitions</Filter>
    </ClCompile>
    <ClCompile Include="..\..\core\objects\Canvas.cpp">
      <Filter>objects</Filter>
    </ClCompile>
    <ClCompile Include="..\..\core\objects\Collider.cpp">
      <Filter>objects</Filter>
    </ClCompile>
    <ClCompile Include="..\..\core\objects\Image.cpp">
      <Filter>objects</Filter>
    </ClCompile>
    <ClCompile Include="..\..\core\objects\Node.cpp">
      <Filter>objects</Filter>
    </ClCompile>
    <ClCompile Include="..\..\core\objects\Scene.cpp">
      <Filter>objects</Filter>
    </ClCompile>
    <ClCompile Include="..\..\core\objects\Sprite.cpp">
      <Filter>objects</Filter>
    </ClCompile>
    <ClCompile Include="..\..\core\objects\Text.cpp">
      <Filter>objects</Filter>
    </ClCompile>
    <ClCompile Include="..\..\core\objects\Task.cpp">
      <Filter>objects</Filter>
    </ClCompile>
    <ClCompile Include="..\..\core\utils\Ref.cpp">
      <Filter>utils</Filter>
    </ClCompile>
    <ClCompile Include="..\..\core\utils\Transform.cpp">
      <Filter>utils</Filter>
    </ClCompile>
    <ClCompile Include="..\..\core\modules\Graphics.cpp">
      <Filter>modules</Filter>
    </ClCompile>
  </ItemGroup>
  <ItemGroup>
    <ClInclude Include="..\..\core\easy2d.h" />
    <ClInclude Include="..\..\core\e2daction.h" />
    <ClInclude Include="..\..\core\e2dmacros.h" />
    <ClInclude Include="..\..\core\e2dmanager.h" />
    <ClInclude Include="..\..\core\e2dtransition.h" />
    <ClInclude Include="..\..\core\e2devent.h" />
    <ClInclude Include="..\..\core\e2dmodule.h" />
    <ClInclude Include="..\..\core\e2dcomponent.h" />
    <ClInclude Include="..\..\core\e2dimpl.h" />
    <ClInclude Include="..\..\core\e2dtool.h" />
    <ClInclude Include="..\..\core\e2dutil.h" />
    <ClInclude Include="..\..\core\e2dobject.h" />
  </ItemGroup>
</Project>