<?xml version="1.0" encoding="utf-8"?>
<Project ToolsVersion="4.0" xmlns="http://schemas.microsoft.com/developer/msbuild/2003">
  <ItemGroup>
    <Filter Include="Tool">
      <UniqueIdentifier>{42d46a92-c043-4667-8c20-358319e5c313}</UniqueIdentifier>
    </Filter>
    <Filter Include="Node">
      <UniqueIdentifier>{51864c81-02ee-4043-bf09-9ce3cbe5b6da}</UniqueIdentifier>
    </Filter>
    <Filter Include="Base">
      <UniqueIdentifier>{261633d3-3814-40c7-bd6d-201ede6c6ade}</UniqueIdentifier>
    </Filter>
    <Filter Include="Action">
      <UniqueIdentifier>{50293f38-87fe-4dde-b938-cf1b7a2921f8}</UniqueIdentifier>
    </Filter>
    <Filter Include="Transition">
      <UniqueIdentifier>{563b19f2-4c5e-4362-983a-94d2ae724550}</UniqueIdentifier>
    </Filter>
    <Filter Include="Manager">
      <UniqueIdentifier>{9031e36b-fa85-4b4e-8e80-657c7e68f283}</UniqueIdentifier>
    </Filter>
    <Filter Include="Listener">
      <UniqueIdentifier>{b9bb1728-5106-4574-998e-8564b49cb4a1}</UniqueIdentifier>
    </Filter>
    <Filter Include="Geometry">
      <UniqueIdentifier>{d5f86335-f3a0-450d-92a3-7edd9348d995}</UniqueIdentifier>
    </Filter>
    <Filter Include="Common">
      <UniqueIdentifier>{be5d9314-b00a-4f11-bd2a-1f720dc32407}</UniqueIdentifier>
    </Filter>
    <Filter Include="Event">
      <UniqueIdentifier>{6d0b43af-2432-4221-b572-4bef331ae10e}</UniqueIdentifier>
    </Filter>
  </ItemGroup>
  <ItemGroup>
    <ClCompile Include="..\..\core\Transition\ETransitionFade.cpp">
      <Filter>Transition</Filter>
    </ClCompile>
    <ClCompile Include="..\..\core\Transition\ETransitionEmerge.cpp">
      <Filter>Transition</Filter>
    </ClCompile>
    <ClCompile Include="..\..\core\Transition\ETransitionMove.cpp">
      <Filter>Transition</Filter>
    </ClCompile>
    <ClCompile Include="..\..\core\Transition\ETransition.cpp">
      <Filter>Transition</Filter>
    </ClCompile>
    <ClCompile Include="..\..\core\Base\Input.cpp">
      <Filter>Base</Filter>
    </ClCompile>
    <ClCompile Include="..\..\core\Common\Font.cpp">
      <Filter>Common</Filter>
    </ClCompile>
    <ClCompile Include="..\..\core\Action\Action.cpp">
      <Filter>Action</Filter>
    </ClCompile>
    <ClCompile Include="..\..\core\Action\ActionCallback.cpp">
      <Filter>Action</Filter>
    </ClCompile>
    <ClCompile Include="..\..\core\Action\ActionDelay.cpp">
      <Filter>Action</Filter>
    </ClCompile>
    <ClCompile Include="..\..\core\Action\ActionGradual.cpp">
      <Filter>Action</Filter>
    </ClCompile>
    <ClCompile Include="..\..\core\Action\ActionLoop.cpp">
      <Filter>Action</Filter>
    </ClCompile>
    <ClCompile Include="..\..\core\Action\ActionMoveBy.cpp">
      <Filter>Action</Filter>
    </ClCompile>
    <ClCompile Include="..\..\core\Action\ActionMoveTo.cpp">
      <Filter>Action</Filter>
    </ClCompile>
    <ClCompile Include="..\..\core\Action\ActionOpacityBy.cpp">
      <Filter>Action</Filter>
    </ClCompile>
    <ClCompile Include="..\..\core\Action\ActionOpacityTo.cpp">
      <Filter>Action</Filter>
    </ClCompile>
    <ClCompile Include="..\..\core\Action\ActionRotateBy.cpp">
      <Filter>Action</Filter>
    </ClCompile>
    <ClCompile Include="..\..\core\Action\ActionRotateTo.cpp">
      <Filter>Action</Filter>
    </ClCompile>
    <ClCompile Include="..\..\core\Action\ActionScaleBy.cpp">
      <Filter>Action</Filter>
    </ClCompile>
    <ClCompile Include="..\..\core\Action\ActionScaleTo.cpp">
      <Filter>Action</Filter>
    </ClCompile>
    <ClCompile Include="..\..\core\Action\ActionSequence.cpp">
      <Filter>Action</Filter>
    </ClCompile>
    <ClCompile Include="..\..\core\Action\ActionTwo.cpp">
      <Filter>Action</Filter>
    </ClCompile>
    <ClCompile Include="..\..\core\Action\ActionTwoAtSameTime.cpp">
      <Filter>Action</Filter>
    </ClCompile>
    <ClCompile Include="..\..\core\Action\Animation.cpp">
      <Filter>Action</Filter>
    </ClCompile>
    <ClCompile Include="..\..\core\Common\Image.cpp">
      <Filter>Common</Filter>
    </ClCompile>
    <ClCompile Include="..\..\core\Common\Keyframe.cpp">
      <Filter>Common</Filter>
    </ClCompile>
    <ClCompile Include="..\..\core\Common\Object.cpp">
      <Filter>Common</Filter>
    </ClCompile>
    <ClCompile Include="..\..\core\Common\String.cpp">
      <Filter>Common</Filter>
    </ClCompile>
    <ClCompile Include="..\..\core\Common\Scene.cpp">
      <Filter>Common</Filter>
    </ClCompile>
    <ClCompile Include="..\..\core\Event\PhysicsEvent.cpp">
      <Filter>Event</Filter>
    </ClCompile>
    <ClCompile Include="..\..\core\Geometry\Circle.cpp">
      <Filter>Geometry</Filter>
    </ClCompile>
    <ClCompile Include="..\..\core\Geometry\Ellipse.cpp">
      <Filter>Geometry</Filter>
    </ClCompile>
    <ClCompile Include="..\..\core\Geometry\Geometry.cpp">
      <Filter>Geometry</Filter>
    </ClCompile>
    <ClCompile Include="..\..\core\Geometry\Rectangle.cpp">
      <Filter>Geometry</Filter>
    </ClCompile>
    <ClCompile Include="..\..\core\Listener\Listener.cpp">
      <Filter>Listener</Filter>
    </ClCompile>
    <ClCompile Include="..\..\core\Listener\ListenerPhysics.cpp">
      <Filter>Listener</Filter>
    </ClCompile>
    <ClCompile Include="..\..\core\Listener\ListenerPhysicsCollision.cpp">
      <Filter>Listener</Filter>
    </ClCompile>
    <ClCompile Include="..\..\core\Manager\ActionManager.cpp">
      <Filter>Manager</Filter>
    </ClCompile>
    <ClCompile Include="..\..\core\Manager\ObjectManager.cpp">
      <Filter>Manager</Filter>
    </ClCompile>
    <ClCompile Include="..\..\core\Manager\PhysicsManager.cpp">
      <Filter>Manager</Filter>
    </ClCompile>
    <ClCompile Include="..\..\core\Manager\TimerManager.cpp">
      <Filter>Manager</Filter>
    </ClCompile>
    <ClCompile Include="..\..\core\Node\Button.cpp">
      <Filter>Node</Filter>
    </ClCompile>
    <ClCompile Include="..\..\core\Node\ButtonToggle.cpp">
      <Filter>Node</Filter>
    </ClCompile>
    <ClCompile Include="..\..\core\Node\Menu.cpp">
      <Filter>Node</Filter>
    </ClCompile>
    <ClCompile Include="..\..\core\Node\Node.cpp">
      <Filter>Node</Filter>
    </ClCompile>
    <ClCompile Include="..\..\core\Node\Sprite.cpp">
      <Filter>Node</Filter>
    </ClCompile>
    <ClCompile Include="..\..\core\Node\Text.cpp">
      <Filter>Node</Filter>
    </ClCompile>
    <ClCompile Include="..\..\core\Tool\Random.cpp">
      <Filter>Tool</Filter>
    </ClCompile>
    <ClCompile Include="..\..\core\Tool\Timer.cpp">
      <Filter>Tool</Filter>
    </ClCompile>
    <ClCompile Include="..\..\core\Base\Game.cpp">
      <Filter>Base</Filter>
    </ClCompile>
    <ClCompile Include="..\..\core\Base\Window.cpp">
      <Filter>Base</Filter>
    </ClCompile>
    <ClCompile Include="..\..\core\Manager\SceneManager.cpp">
      <Filter>Manager</Filter>
    </ClCompile>
    <ClCompile Include="..\..\core\Base\Time.cpp">
      <Filter>Base</Filter>
    </ClCompile>
    <ClCompile Include="..\..\core\Base\Renderer.cpp">
      <Filter>Base</Filter>
    </ClCompile>
    <ClCompile Include="..\..\core\Tool\Music.cpp">
      <Filter>Tool</Filter>
    </ClCompile>
    <ClCompile Include="..\..\core\Tool\Data.cpp">
      <Filter>Tool</Filter>
    </ClCompile>
    <ClCompile Include="..\..\core\Tool\File.cpp">
      <Filter>Tool</Filter>
    </ClCompile>
  </ItemGroup>
  <ItemGroup>
    <ClInclude Include="..\..\core\etools.h" />
    <ClInclude Include="..\..\core\enodes.h" />
    <ClInclude Include="..\..\core\emacros.h" />
    <ClInclude Include="..\..\core\ecommon.h" />
    <ClInclude Include="..\..\core\ebase.h" />
    <ClInclude Include="..\..\core\easy2d.h" />
    <ClInclude Include="..\..\core\eactions.h" />
    <ClInclude Include="..\..\core\etransitions.h" />
    <ClInclude Include="..\..\core\egeometry.h" />
    <ClInclude Include="..\..\core\elisteners.h" />
    <ClInclude Include="..\..\core\emanagers.h" />
  </ItemGroup>
</Project>