Microsoft Visual Studio Solution File, Format Version 12.00
# Visual Studio 15
VisualStudioVersion = 15.0.28307.271
MinimumVisualStudioVersion = 10.0.40219.1
Project("{8BC9CEB8-8B4A-11D0-8D11-00A0C91BC942}") = "HelloWorld", "HelloWorld\HelloWorld.vcxproj", "{3561A359-F9FD-48AB-A977-34E7E568BC8E}"
EndProject
Project("{8BC9CEB8-8B4A-11D0-8D11-00A0C91BC942}") = "Easy2D", "Easy2D\Easy2D.vcxproj", "{FF7F943D-A89C-4E6C-97CF-84F7D8FF8EDF}"
EndProject
Project("{8BC9CEB8-8B4A-11D0-8D11-00A0C91BC942}") = "Samples", "Samples\Samples.vcxproj", "{45F5738D-CDF2-4024-974D-25B64F9043DE}"
EndProject
Project("{8BC9CEB8-8B4A-11D0-8D11-00A0C91BC942}") = "Box2D", "..\3rd-party\box2d\Box2D.vcxproj", "{A434E80C-1049-10BE-D9CA-B31D459E0CEF}"
EndProject
Project("{8BC9CEB8-8B4A-11D0-8D11-00A0C91BC942}") = "Box2DSample", "Box2DSample\Box2DSample.vcxproj", "{324CFF47-4EB2-499A-BE5F-53A82E3BA14B}"
EndProject
Project("{8BC9CEB8-8B4A-11D0-8D11-00A0C91BC942}") = "ImGui", "..\3rd-party\ImGui\ImGui.vcxproj", "{AA7C72A9-DDBF-4398-A301-8EE157E37D4C}"
EndProject
Project("{8BC9CEB8-8B4A-11D0-8D11-00A0C91BC942}") = "ImGuiSample", "ImGuiSample\ImGuiSample.vcxproj", "{6152D36C-EA40-4968-A696-244B6CA58395}"
EndProject
Global
	GlobalSection(SolutionConfigurationPlatforms) = preSolution
		Debug|Win32 = Debug|Win32
		Debug|x64 = Debug|x64
		Release|Win32 = Release|Win32
		Release|x64 = Release|x64
	EndGlobalSection
	GlobalSection(ProjectConfigurationPlatforms) = postSolution
		{3561A359-F9FD-48AB-A977-34E7E568BC8E}.Debug|Win32.ActiveCfg = Debug|Win32
		{3561A359-F9FD-48AB-A977-34E7E568BC8E}.Debug|Win32.Build.0 = Debug|Win32
		{3561A359-F9FD-48AB-A977-34E7E568BC8E}.Debug|x64.ActiveCfg = Debug|x64
		{3561A359-F9FD-48AB-A977-34E7E568BC8E}.Debug|x64.Build.0 = Debug|x64
		{3561A359-F9FD-48AB-A977-34E7E568BC8E}.Release|Win32.ActiveCfg = Release|Win32
		{3561A359-F9FD-48AB-A977-34E7E568BC8E}.Release|Win32.Build.0 = Release|Win32
		{3561A359-F9FD-48AB-A977-34E7E568BC8E}.Release|x64.ActiveCfg = Release|x64
		{3561A359-F9FD-48AB-A977-34E7E568BC8E}.Release|x64.Build.0 = Release|x64
		{FF7F943D-A89C-4E6C-97CF-84F7D8FF8EDF}.Debug|Win32.ActiveCfg = Debug|Win32
		{FF7F943D-A89C-4E6C-97CF-84F7D8FF8EDF}.Debug|Win32.Build.0 = Debug|Win32
		{FF7F943D-A89C-4E6C-97CF-84F7D8FF8EDF}.Debug|Win32.Deploy.0 = Debug|Win32
		{FF7F943D-A89C-4E6C-97CF-84F7D8FF8EDF}.Debug|x64.ActiveCfg = Debug|x64
		{FF7F943D-A89C-4E6C-97CF-84F7D8FF8EDF}.Debug|x64.Build.0 = Debug|x64
		{FF7F943D-A89C-4E6C-97CF-84F7D8FF8EDF}.Debug|x64.Deploy.0 = Debug|x64
		{FF7F943D-A89C-4E6C-97CF-84F7D8FF8EDF}.Release|Win32.ActiveCfg = Release|Win32
		{FF7F943D-A89C-4E6C-97CF-84F7D8FF8EDF}.Release|Win32.Build.0 = Release|Win32
		{FF7F943D-A89C-4E6C-97CF-84F7D8FF8EDF}.Release|x64.ActiveCfg = Release|x64
		{FF7F943D-A89C-4E6C-97CF-84F7D8FF8EDF}.Release|x64.Build.0 = Release|x64
		{45F5738D-CDF2-4024-974D-25B64F9043DE}.Debug|Win32.ActiveCfg = Debug|Win32
		{45F5738D-CDF2-4024-974D-25B64F9043DE}.Debug|Win32.Build.0 = Debug|Win32
		{45F5738D-CDF2-4024-974D-25B64F9043DE}.Debug|x64.ActiveCfg = Debug|x64
		{45F5738D-CDF2-4024-974D-25B64F9043DE}.Debug|x64.Build.0 = Debug|x64
		{45F5738D-CDF2-4024-974D-25B64F9043DE}.Release|Win32.ActiveCfg = Release|Win32
		{45F5738D-CDF2-4024-974D-25B64F9043DE}.Release|Win32.Build.0 = Release|Win32
		{45F5738D-CDF2-4024-974D-25B64F9043DE}.Release|x64.ActiveCfg = Release|x64
		{45F5738D-CDF2-4024-974D-25B64F9043DE}.Release|x64.Build.0 = Release|x64
		{A434E80C-1049-10BE-D9CA-B31D459E0CEF}.Debug|Win32.ActiveCfg = Debug|Win32
		{A434E80C-1049-10BE-D9CA-B31D459E0CEF}.Debug|Win32.Build.0 = Debug|Win32
		{A434E80C-1049-10BE-D9CA-B31D459E0CEF}.Debug|x64.ActiveCfg = Debug|x64
		{A434E80C-1049-10BE-D9CA-B31D459E0CEF}.Debug|x64.Build.0 = Debug|x64
		{A434E80C-1049-10BE-D9CA-B31D459E0CEF}.Release|Win32.ActiveCfg = Release|Win32
		{A434E80C-1049-10BE-D9CA-B31D459E0CEF}.Release|Win32.Build.0 = Release|Win32
		{A434E80C-1049-10BE-D9CA-B31D459E0CEF}.Release|x64.ActiveCfg = Release|x64
		{A434E80C-1049-10BE-D9CA-B31D459E0CEF}.Release|x64.Build.0 = Release|x64
		{324CFF47-4EB2-499A-BE5F-53A82E3BA14B}.Debug|Win32.ActiveCfg = Debug|Win32
		{324CFF47-4EB2-499A-BE5F-53A82E3BA14B}.Debug|Win32.Build.0 = Debug|Win32
		{324CFF47-4EB2-499A-BE5F-53A82E3BA14B}.Debug|x64.ActiveCfg = Debug|x64
		{324CFF47-4EB2-499A-BE5F-53A82E3BA14B}.Debug|x64.Build.0 = Debug|x64
		{324CFF47-4EB2-499A-BE5F-53A82E3BA14B}.Release|Win32.ActiveCfg = Release|Win32
		{324CFF47-4EB2-499A-BE5F-53A82E3BA14B}.Release|Win32.Build.0 = Release|Win32
		{324CFF47-4EB2-499A-BE5F-53A82E3BA14B}.Release|x64.ActiveCfg = Release|x64
		{324CFF47-4EB2-499A-BE5F-53A82E3BA14B}.Release|x64.Build.0 = Release|x64
		{AA7C72A9-DDBF-4398-A301-8EE157E37D4C}.Debug|Win32.ActiveCfg = Debug|Win32
		{AA7C72A9-DDBF-4398-A301-8EE157E37D4C}.Debug|Win32.Build.0 = Debug|Win32
		{AA7C72A9-DDBF-4398-A301-8EE157E37D4C}.Debug|x64.ActiveCfg = Debug|x64
		{AA7C72A9-DDBF-4398-A301-8EE157E37D4C}.Debug|x64.Build.0 = Debug|x64
		{AA7C72A9-DDBF-4398-A301-8EE157E37D4C}.Release|Win32.ActiveCfg = Release|Win32
		{AA7C72A9-DDBF-4398-A301-8EE157E37D4C}.Release|Win32.Build.0 = Release|Win32
		{AA7C72A9-DDBF-4398-A301-8EE157E37D4C}.Release|x64.ActiveCfg = Release|x64
		{AA7C72A9-DDBF-4398-A301-8EE157E37D4C}.Release|x64.Build.0 = Release|x64
		{6152D36C-EA40-4968-A696-244B6CA58395}.Debug|Win32.ActiveCfg = Debug|Win32
		{6152D36C-EA40-4968-A696-244B6CA58395}.Debug|Win32.Build.0 = Debug|Win32
		{6152D36C-EA40-4968-A696-244B6CA58395}.Debug|x64.ActiveCfg = Debug|x64
		{6152D36C-EA40-4968-A696-244B6CA58395}.Debug|x64.Build.0 = Debug|x64
		{6152D36C-EA40-4968-A696-244B6CA58395}.Release|Win32.ActiveCfg = Release|Win32
		{6152D36C-EA40-4968-A696-244B6CA58395}.Release|Win32.Build.0 = Release|Win32
		{6152D36C-EA40-4968-A696-244B6CA58395}.Release|x64.ActiveCfg = Release|x64
		{6152D36C-EA40-4968-A696-244B6CA58395}.Release|x64.Build.0 = Release|x64
	EndGlobalSection
	GlobalSection(SolutionProperties) = preSolution
		HideSolutionNode = FALSE
	EndGlobalSection
	GlobalSection(ExtensibilityGlobals) = postSolution
		SolutionGuid = {FAC2BE2F-19AF-477A-8DC6-4645E66868A4}
	EndGlobalSection
EndGlobal
