<?xml version="1.0" encoding="utf-8"?>
<Project ToolsVersion="4.0" xmlns="http://schemas.microsoft.com/developer/msbuild/2003">
  <ItemGroup>
    <Filter Include="math">
      <UniqueIdentifier>{80bc6386-2b70-4bae-993c-649a55163a1b}</UniqueIdentifier>
    </Filter>
    <Filter Include="utils">
      <UniqueIdentifier>{68eac919-ee87-4030-a033-c251731928f5}</UniqueIdentifier>
    </Filter>
    <Filter Include="platform">
      <UniqueIdentifier>{c2654ccc-59f6-4c17-bb6b-99b07fc78702}</UniqueIdentifier>
    </Filter>
    <Filter Include="2d">
      <UniqueIdentifier>{896bdedf-6e82-449b-9b6e-0bc69f3699b1}</UniqueIdentifier>
    </Filter>
    <Filter Include="core">
      <UniqueIdentifier>{2e18d99a-e906-499a-9e29-4e0783202644}</UniqueIdentifier>
    </Filter>
    <Filter Include="platform\win32">
      <UniqueIdentifier>{e84dcf9a-e650-473e-8c9c-193804ab9e76}</UniqueIdentifier>
    </Filter>
    <Filter Include="render">
      <UniqueIdentifier>{adb44ca9-674a-4b77-993f-d65193d8ab06}</UniqueIdentifier>
    </Filter>
    <Filter Include="render\DirectX">
      <UniqueIdentifier>{fd281702-0006-46d2-8fd1-28c502464164}</UniqueIdentifier>
    </Filter>
    <Filter Include="base">
      <UniqueIdentifier>{f514ae4f-2f6a-4d47-aa38-245628d6e01c}</UniqueIdentifier>
    </Filter>
    <Filter Include="event">
      <UniqueIdentifier>{b0d28d20-bfaf-4816-8415-28c20ecf9fac}</UniqueIdentifier>
    </Filter>
    <Filter Include="base\component">
      <UniqueIdentifier>{d15f4de1-7c2c-40d6-a3ce-68860b95a61e}</UniqueIdentifier>
    </Filter>
    <Filter Include="2d\animation">
      <UniqueIdentifier>{9314f30d-5742-48b6-94e5-e3b4284106f6}</UniqueIdentifier>
    </Filter>
    <Filter Include="2d\transition">
      <UniqueIdentifier>{f70cecd8-6d5b-405d-8466-d3ca2db9b806}</UniqueIdentifier>
    </Filter>
    <Filter Include="event\listener">
      <UniqueIdentifier>{554a3b32-ec18-4123-a12e-b176ec10fbdc}</UniqueIdentifier>
    </Filter>
  </ItemGroup>
  <ItemGroup>
    <ClInclude Include="..\..\src\kiwano\2d\Canvas.h">
      <Filter>2d</Filter>
    </ClInclude>
    <ClInclude Include="..\..\src\kiwano\2d\Sprite.h">
      <Filter>2d</Filter>
    </ClInclude>
    <ClInclude Include="..\..\src\kiwano\core\Resource.h">
      <Filter>core</Filter>
    </ClInclude>
    <ClInclude Include="..\..\src\kiwano\math\Matrix.hpp">
      <Filter>math</Filter>
    </ClInclude>
    <ClInclude Include="..\..\src\kiwano\math\Rect.hpp">
      <Filter>math</Filter>
    </ClInclude>
    <ClInclude Include="..\..\src\kiwano\platform\Application.h">
      <Filter>platform</Filter>
    </ClInclude>
    <ClInclude Include="..\..\src\kiwano\config.h" />
    <ClInclude Include="..\..\src\kiwano\macros.h" />
    <ClInclude Include="..\..\src\kiwano\math\Vec2.hpp">
      <Filter>math</Filter>
    </ClInclude>
    <ClInclude Include="..\..\src\kiwano\kiwano.h" />
    <ClInclude Include="..\..\src\kiwano\2d\GifSprite.h">
      <Filter>2d</Filter>
    </ClInclude>
    <ClInclude Include="..\..\src\kiwano\2d\Stage.h">
      <Filter>2d</Filter>
    </ClInclude>
    <ClInclude Include="..\..\src\kiwano\utils\ResourceCache.h">
      <Filter>utils</Filter>
    </ClInclude>
    <ClInclude Include="..\..\src\kiwano\2d\DebugActor.h">
      <Filter>2d</Filter>
    </ClInclude>
    <ClInclude Include="..\..\src\kiwano\2d\ShapeActor.h">
      <Filter>2d</Filter>
    </ClInclude>
    <ClInclude Include="..\..\src\kiwano\utils\UserData.h">
      <Filter>utils</Filter>
    </ClInclude>
    <ClInclude Include="..\..\src\kiwano\core\Library.h">
      <Filter>core</Filter>
    </ClInclude>
    <ClInclude Include="..\..\src\kiwano\platform\FileSystem.h">
      <Filter>platform</Filter>
    </ClInclude>
    <ClInclude Include="..\..\src\kiwano\platform\Input.h">
      <Filter>platform</Filter>
    </ClInclude>
    <ClInclude Include="..\..\src\kiwano\platform\Window.h">
      <Filter>platform</Filter>
    </ClInclude>
    <ClInclude Include="..\..\src\kiwano\2d\TextActor.h">
      <Filter>2d</Filter>
    </ClInclude>
    <ClInclude Include="..\..\src\kiwano\platform\win32\ComPtr.hpp">
      <Filter>platform\win32</Filter>
    </ClInclude>
    <ClInclude Include="..\..\src\kiwano\platform\win32\libraries.h">
      <Filter>platform\win32</Filter>
    </ClInclude>
    <ClInclude Include="..\..\src\kiwano\core\Singleton.h">
      <Filter>core</Filter>
    </ClInclude>
    <ClInclude Include="..\..\src\kiwano\core\Common.h">
      <Filter>core</Filter>
    </ClInclude>
    <ClInclude Include="..\..\src\kiwano\core\Time.h">
      <Filter>core</Filter>
    </ClInclude>
    <ClInclude Include="..\..\src\kiwano\core\Duration.h">
      <Filter>core</Filter>
    </ClInclude>
    <ClInclude Include="..\..\src\kiwano\render\Brush.h">
      <Filter>render</Filter>
    </ClInclude>
    <ClInclude Include="..\..\src\kiwano\render\Color.h">
      <Filter>render</Filter>
    </ClInclude>
    <ClInclude Include="..\..\src\kiwano\render\Font.h">
      <Filter>render</Filter>
    </ClInclude>
    <ClInclude Include="..\..\src\kiwano\render\GifImage.h">
      <Filter>render</Filter>
    </ClInclude>
    <ClInclude Include="..\..\src\kiwano\render\RenderContext.h">
      <Filter>render</Filter>
    </ClInclude>
    <ClInclude Include="..\..\src\kiwano\render\Renderer.h">
      <Filter>render</Filter>
    </ClInclude>
    <ClInclude Include="..\..\src\kiwano\render\StrokeStyle.h">
      <Filter>render</Filter>
    </ClInclude>
    <ClInclude Include="..\..\src\kiwano\render\TextLayout.h">
      <Filter>render</Filter>
    </ClInclude>
    <ClInclude Include="..\..\src\kiwano\render\Texture.h">
      <Filter>render</Filter>
    </ClInclude>
    <ClInclude Include="..\..\src\kiwano\render\TextureCache.h">
      <Filter>render</Filter>
    </ClInclude>
    <ClInclude Include="..\..\src\kiwano\render\DirectX\D2DDeviceResources.h">
      <Filter>render\DirectX</Filter>
    </ClInclude>
    <ClInclude Include="..\..\src\kiwano\render\DirectX\D3D10DeviceResources.h">
      <Filter>render\DirectX</Filter>
    </ClInclude>
    <ClInclude Include="..\..\src\kiwano\render\DirectX\D3D11DeviceResources.h">
      <Filter>render\DirectX</Filter>
    </ClInclude>
    <ClInclude Include="..\..\src\kiwano\render\DirectX\D3DDeviceResourcesBase.h">
      <Filter>render\DirectX</Filter>
    </ClInclude>
    <ClInclude Include="..\..\src\kiwano\render\DirectX\FontCollectionLoader.h">
      <Filter>render\DirectX</Filter>
    </ClInclude>
    <ClInclude Include="..\..\src\kiwano\render\DirectX\helper.h">
      <Filter>render\DirectX</Filter>
    </ClInclude>
    <ClInclude Include="..\..\src\kiwano\render\DirectX\TextRenderer.h">
      <Filter>render\DirectX</Filter>
    </ClInclude>
    <ClInclude Include="..\..\src\kiwano\render\Shape.h">
      <Filter>render</Filter>
    </ClInclude>
    <ClInclude Include="..\..\src\kiwano\math\Transform.hpp">
      <Filter>math</Filter>
    </ClInclude>
    <ClInclude Include="..\..\src\kiwano\math\Constants.h">
      <Filter>math</Filter>
    </ClInclude>
    <ClInclude Include="..\..\src\kiwano\math\EaseFunctions.h">
      <Filter>math</Filter>
    </ClInclude>
    <ClInclude Include="..\..\src\kiwano\math\Math.h">
      <Filter>math</Filter>
    </ClInclude>
    <ClInclude Include="..\..\src\kiwano\math\Random.h">
      <Filter>math</Filter>
    </ClInclude>
    <ClInclude Include="..\..\src\kiwano\math\Scalar.h">
      <Filter>math</Filter>
    </ClInclude>
    <ClInclude Include="..\..\src\kiwano\render\DirectX\RenderContextImpl.h">
      <Filter>render\DirectX</Filter>
    </ClInclude>
    <ClInclude Include="..\..\src\kiwano\render\DirectX\RendererImpl.h">
      <Filter>render\DirectX</Filter>
    </ClInclude>
    <ClInclude Include="..\..\src\kiwano\core\Exception.h">
      <Filter>core</Filter>
    </ClInclude>
    <ClInclude Include="..\..\src\kiwano\2d\LayerActor.h">
      <Filter>2d</Filter>
    </ClInclude>
    <ClInclude Include="..\..\src\kiwano\platform\Runner.h">
      <Filter>platform</Filter>
    </ClInclude>
    <ClInclude Include="..\..\src\kiwano\core\Function.h">
      <Filter>core</Filter>
    </ClInclude>
    <ClInclude Include="..\..\src\kiwano\core\String.h">
      <Filter>core</Filter>
    </ClInclude>
    <ClInclude Include="..\..\src\kiwano\core\Any.h">
      <Filter>core</Filter>
    </ClInclude>
    <ClInclude Include="..\..\src\kiwano\core\IntrusiveList.h">
      <Filter>core</Filter>
    </ClInclude>
    <ClInclude Include="..\..\src\kiwano\render\ShapeMaker.h">
      <Filter>render</Filter>
    </ClInclude>
    <ClInclude Include="..\..\src\kiwano\core\Allocator.h">
      <Filter>core</Filter>
    </ClInclude>
    <ClInclude Include="..\..\src\kiwano\core\Cloneable.h">
      <Filter>core</Filter>
    </ClInclude>
    <ClInclude Include="..\..\src\kiwano\core\Serializable.h">
      <Filter>core</Filter>
    </ClInclude>
    <ClInclude Include="..\..\src\kiwano\utils\EventTicker.h">
      <Filter>utils</Filter>
    </ClInclude>
    <ClInclude Include="..\..\src\kiwano\utils\Json.h">
      <Filter>utils</Filter>
    </ClInclude>
    <ClInclude Include="..\..\src\kiwano\utils\Task.h">
      <Filter>utils</Filter>
    </ClInclude>
    <ClInclude Include="..\..\src\kiwano\utils\Ticker.h">
      <Filter>utils</Filter>
    </ClInclude>
    <ClInclude Include="..\..\src\kiwano\utils\Timer.h">
      <Filter>utils</Filter>
    </ClInclude>
    <ClInclude Include="..\..\src\kiwano\utils\Xml.h">
      <Filter>utils</Filter>
    </ClInclude>
    <ClInclude Include="..\..\src\kiwano\utils\TaskScheduler.h">
      <Filter>utils</Filter>
    </ClInclude>
    <ClInclude Include="..\..\src\kiwano\render\DirectX\D3DDeviceResources.h">
      <Filter>render\DirectX</Filter>
    </ClInclude>
    <ClInclude Include="..\..\src\kiwano\utils\Logger.h">
      <Filter>utils</Filter>
    </ClInclude>
    <ClInclude Include="..\..\src\kiwano\base\Director.h">
      <Filter>base</Filter>
    </ClInclude>
    <ClInclude Include="..\..\src\kiwano\base\Module.h">
      <Filter>base</Filter>
    </ClInclude>
    <ClInclude Include="..\..\src\kiwano\base\ObjectBase.h">
      <Filter>base</Filter>
    </ClInclude>
    <ClInclude Include="..\..\src\kiwano\event\Event.h">
      <Filter>event</Filter>
    </ClInclude>
    <ClInclude Include="..\..\src\kiwano\event\EventDispatcher.h">
      <Filter>event</Filter>
    </ClInclude>
    <ClInclude Include="..\..\src\kiwano\event\Events.h">
      <Filter>event</Filter>
    </ClInclude>
    <ClInclude Include="..\..\src\kiwano\event\EventType.h">
      <Filter>event</Filter>
    </ClInclude>
    <ClInclude Include="..\..\src\kiwano\event\KeyEvent.h">
      <Filter>event</Filter>
    </ClInclude>
    <ClInclude Include="..\..\src\kiwano\event\MouseEvent.h">
      <Filter>event</Filter>
    </ClInclude>
    <ClInclude Include="..\..\src\kiwano\event\WindowEvent.h">
      <Filter>event</Filter>
    </ClInclude>
    <ClInclude Include="..\..\src\kiwano\2d\Actor.h">
      <Filter>2d</Filter>
    </ClInclude>
    <ClInclude Include="..\..\src\kiwano\base\component\Button.h">
      <Filter>base\component</Filter>
    </ClInclude>
    <ClInclude Include="..\..\src\kiwano\base\component\Component.h">
      <Filter>base\component</Filter>
    </ClInclude>
    <ClInclude Include="..\..\src\kiwano\base\component\ComponentManager.h">
      <Filter>base\component</Filter>
    </ClInclude>
    <ClInclude Include="..\..\src\kiwano\utils\ConfigIni.h">
      <Filter>utils</Filter>
    </ClInclude>
    <ClInclude Include="..\..\src\kiwano\core\Defer.h">
      <Filter>core</Filter>
    </ClInclude>
    <ClInclude Include="..\..\src\kiwano\base\RefObject.h">
      <Filter>base</Filter>
    </ClInclude>
    <ClInclude Include="..\..\src\kiwano\core\RefBasePtr.hpp">
      <Filter>core</Filter>
    </ClInclude>
    <ClInclude Include="..\..\src\kiwano\base\RefPtr.h">
      <Filter>base</Filter>
    </ClInclude>
    <ClInclude Include="..\..\src\kiwano\utils\ResourceLoader.h">
      <Filter>utils</Filter>
    </ClInclude>
    <ClInclude Include="..\..\src\kiwano\render\TextStyle.h">
      <Filter>render</Filter>
    </ClInclude>
    <ClInclude Include="..\..\src\kiwano\core\BitOperator.h">
      <Filter>core</Filter>
    </ClInclude>
    <ClInclude Include="..\..\src\kiwano\core\Flag.h">
      <Filter>core</Filter>
    </ClInclude>
    <ClInclude Include="..\..\src\kiwano\2d\animation\EaseFunc.h">
      <Filter>2d\animation</Filter>
    </ClInclude>
    <ClInclude Include="..\..\src\kiwano\2d\animation\FrameAnimation.h">
      <Filter>2d\animation</Filter>
    </ClInclude>
    <ClInclude Include="..\..\src\kiwano\2d\animation\CustomAnimation.h">
      <Filter>2d\animation</Filter>
    </ClInclude>
    <ClInclude Include="..\..\src\kiwano\2d\animation\Animation.h">
      <Filter>2d\animation</Filter>
    </ClInclude>
    <ClInclude Include="..\..\src\kiwano\2d\animation\DelayAnimation.h">
      <Filter>2d\animation</Filter>
    </ClInclude>
    <ClInclude Include="..\..\src\kiwano\2d\animation\AnimationGroup.h">
      <Filter>2d\animation</Filter>
    </ClInclude>
    <ClInclude Include="..\..\src\kiwano\2d\animation\TweenAnimation.h">
      <Filter>2d\animation</Filter>
    </ClInclude>
    <ClInclude Include="..\..\src\kiwano\2d\animation\PathAnimation.h">
      <Filter>2d\animation</Filter>
    </ClInclude>
    <ClInclude Include="..\..\src\kiwano\2d\animation\Animator.h">
      <Filter>2d\animation</Filter>
    </ClInclude>
    <ClInclude Include="..\..\src\kiwano\2d\animation\FrameSequence.h">
      <Filter>2d\animation</Filter>
    </ClInclude>
    <ClInclude Include="..\..\src\kiwano\2d\animation\AnimationWrapper.h">
      <Filter>2d\animation</Filter>
    </ClInclude>
    <ClInclude Include="..\..\src\kiwano\core\BinaryData.h">
      <Filter>core</Filter>
    </ClInclude>
    <ClInclude Include="..\..\src\kiwano\2d\SpriteFrame.h">
      <Filter>2d</Filter>
    </ClInclude>
    <ClInclude Include="..\..\src\kiwano\platform\Keys.h">
      <Filter>platform</Filter>
    </ClInclude>
    <ClInclude Include="..\..\src\kiwano\2d\transition\Transition.h">
      <Filter>2d\transition</Filter>
    </ClInclude>
    <ClInclude Include="..\..\src\kiwano\2d\transition\FadeTransition.h">
      <Filter>2d\transition</Filter>
    </ClInclude>
    <ClInclude Include="..\..\src\kiwano\2d\transition\MoveTransition.h">
      <Filter>2d\transition</Filter>
    </ClInclude>
    <ClInclude Include="..\..\src\kiwano\2d\transition\RotationTransition.h">
      <Filter>2d\transition</Filter>
    </ClInclude>
    <ClInclude Include="..\..\src\kiwano\2d\transition\BoxTransition.h">
      <Filter>2d\transition</Filter>
    </ClInclude>
    <ClInclude Include="..\..\src\kiwano\base\component\MouseSensor.h">
      <Filter>base\component</Filter>
    </ClInclude>
    <ClInclude Include="..\..\src\kiwano\event\listener\EventListener.h">
      <Filter>event\listener</Filter>
    </ClInclude>
    <ClInclude Include="..\..\src\kiwano\event\listener\MouseEventListener.h">
      <Filter>event\listener</Filter>
    </ClInclude>
    <ClInclude Include="..\..\src\kiwano\event\listener\KeyEventListener.h">
      <Filter>event\listener</Filter>
    </ClInclude>
    <ClInclude Include="..\..\src\kiwano\math\Interpolator.h">
      <Filter>math</Filter>
    </ClInclude>
    <ClInclude Include="..\..\src\kiwano\render\DirectX\TextDrawingEffect.h">
      <Filter>render\DirectX</Filter>
    </ClInclude>
    <ClInclude Include="..\..\src\kiwano\platform\NativeObject.hpp">
      <Filter>platform</Filter>
    </ClInclude>
    <ClInclude Include="..\..\src\kiwano\render\Layer.h">
      <Filter>render</Filter>
    </ClInclude>
  </ItemGroup>
  <ItemGroup>
    <ClCompile Include="..\..\src\kiwano\2d\Canvas.cpp">
      <Filter>2d</Filter>
    </ClCompile>
    <ClCompile Include="..\..\src\kiwano\2d\Sprite.cpp">
      <Filter>2d</Filter>
    </ClCompile>
    <ClCompile Include="..\..\src\kiwano\core\Resource.cpp">
      <Filter>core</Filter>
    </ClCompile>
    <ClCompile Include="..\..\src\kiwano\platform\Application.cpp">
      <Filter>platform</Filter>
    </ClCompile>
    <ClCompile Include="..\..\src\kiwano\2d\GifSprite.cpp">
      <Filter>2d</Filter>
    </ClCompile>
    <ClCompile Include="..\..\src\kiwano\2d\Stage.cpp">
      <Filter>2d</Filter>
    </ClCompile>
    <ClCompile Include="..\..\src\kiwano\utils\ResourceCache.cpp">
      <Filter>utils</Filter>
    </ClCompile>
    <ClCompile Include="..\..\src\kiwano\2d\DebugActor.cpp">
      <Filter>2d</Filter>
    </ClCompile>
    <ClCompile Include="..\..\src\kiwano\2d\ShapeActor.cpp">
      <Filter>2d</Filter>
    </ClCompile>
    <ClCompile Include="..\..\src\kiwano\utils\UserData.cpp">
      <Filter>utils</Filter>
    </ClCompile>
    <ClCompile Include="..\..\src\kiwano\core\Library.cpp">
      <Filter>core</Filter>
    </ClCompile>
    <ClCompile Include="..\..\src\kiwano\platform\FileSystem.cpp">
      <Filter>platform</Filter>
    </ClCompile>
    <ClCompile Include="..\..\src\kiwano\platform\Input.cpp">
      <Filter>platform</Filter>
    </ClCompile>
    <ClCompile Include="..\..\src\kiwano\platform\Window.cpp">
      <Filter>platform</Filter>
    </ClCompile>
    <ClCompile Include="..\..\src\kiwano\2d\TextActor.cpp">
      <Filter>2d</Filter>
    </ClCompile>
    <ClCompile Include="..\..\src\kiwano\platform\win32\libraries.cpp">
      <Filter>platform\win32</Filter>
    </ClCompile>
    <ClCompile Include="..\..\src\kiwano\platform\win32\WindowImpl.cpp">
      <Filter>platform\win32</Filter>
    </ClCompile>
    <ClCompile Include="..\..\src\kiwano\core\Time.cpp">
      <Filter>core</Filter>
    </ClCompile>
    <ClCompile Include="..\..\src\kiwano\render\Brush.cpp">
      <Filter>render</Filter>
    </ClCompile>
    <ClCompile Include="..\..\src\kiwano\render\Color.cpp">
      <Filter>render</Filter>
    </ClCompile>
    <ClCompile Include="..\..\src\kiwano\render\Font.cpp">
      <Filter>render</Filter>
    </ClCompile>
    <ClCompile Include="..\..\src\kiwano\render\GifImage.cpp">
      <Filter>render</Filter>
    </ClCompile>
    <ClCompile Include="..\..\src\kiwano\render\RenderContext.cpp">
      <Filter>render</Filter>
    </ClCompile>
    <ClCompile Include="..\..\src\kiwano\render\Renderer.cpp">
      <Filter>render</Filter>
    </ClCompile>
    <ClCompile Include="..\..\src\kiwano\render\StrokeStyle.cpp">
      <Filter>render</Filter>
    </ClCompile>
    <ClCompile Include="..\..\src\kiwano\render\TextLayout.cpp">
      <Filter>render</Filter>
    </ClCompile>
    <ClCompile Include="..\..\src\kiwano\render\Texture.cpp">
      <Filter>render</Filter>
    </ClCompile>
    <ClCompile Include="..\..\src\kiwano\render\TextureCache.cpp">
      <Filter>render</Filter>
    </ClCompile>
    <ClCompile Include="..\..\src\kiwano\render\DirectX\D2DDeviceResources.cpp">
      <Filter>render\DirectX</Filter>
    </ClCompile>
    <ClCompile Include="..\..\src\kiwano\render\DirectX\D3D10DeviceResources.cpp">
      <Filter>render\DirectX</Filter>
    </ClCompile>
    <ClCompile Include="..\..\src\kiwano\render\DirectX\D3D11DeviceResources.cpp">
      <Filter>render\DirectX</Filter>
    </ClCompile>
    <ClCompile Include="..\..\src\kiwano\render\DirectX\FontCollectionLoader.cpp">
      <Filter>render\DirectX</Filter>
    </ClCompile>
    <ClCompile Include="..\..\src\kiwano\render\DirectX\TextRenderer.cpp">
      <Filter>render\DirectX</Filter>
    </ClCompile>
    <ClCompile Include="..\..\src\kiwano\render\Shape.cpp">
      <Filter>render</Filter>
    </ClCompile>
    <ClCompile Include="..\..\src\kiwano\render\DirectX\RenderContextImpl.cpp">
      <Filter>render\DirectX</Filter>
    </ClCompile>
    <ClCompile Include="..\..\src\kiwano\render\DirectX\RendererImpl.cpp">
      <Filter>render\DirectX</Filter>
    </ClCompile>
    <ClCompile Include="..\..\src\kiwano\core\Exception.cpp">
      <Filter>core</Filter>
    </ClCompile>
    <ClCompile Include="..\..\src\kiwano\2d\LayerActor.cpp">
      <Filter>2d</Filter>
    </ClCompile>
    <ClCompile Include="..\..\src\kiwano\platform\Runner.cpp">
      <Filter>platform</Filter>
    </ClCompile>
    <ClCompile Include="..\..\src\kiwano\core\String.cpp">
      <Filter>core</Filter>
    </ClCompile>
    <ClCompile Include="..\..\src\kiwano\render\ShapeMaker.cpp">
      <Filter>render</Filter>
    </ClCompile>
    <ClCompile Include="..\..\src\kiwano\core\Allocator.cpp">
      <Filter>core</Filter>
    </ClCompile>
    <ClCompile Include="..\..\src\kiwano\utils\EventTicker.cpp">
      <Filter>utils</Filter>
    </ClCompile>
    <ClCompile Include="..\..\src\kiwano\utils\Task.cpp">
      <Filter>utils</Filter>
    </ClCompile>
    <ClCompile Include="..\..\src\kiwano\utils\Ticker.cpp">
      <Filter>utils</Filter>
    </ClCompile>
    <ClCompile Include="..\..\src\kiwano\utils\Timer.cpp">
      <Filter>utils</Filter>
    </ClCompile>
    <ClCompile Include="..\..\src\kiwano\utils\TaskScheduler.cpp">
      <Filter>utils</Filter>
    </ClCompile>
    <ClCompile Include="..\..\src\kiwano\utils\Logger.cpp">
      <Filter>utils</Filter>
    </ClCompile>
    <ClCompile Include="..\..\src\kiwano\base\Director.cpp">
      <Filter>base</Filter>
    </ClCompile>
    <ClCompile Include="..\..\src\kiwano\base\Module.cpp">
      <Filter>base</Filter>
    </ClCompile>
    <ClCompile Include="..\..\src\kiwano\base\ObjectBase.cpp">
      <Filter>base</Filter>
    </ClCompile>
    <ClCompile Include="..\..\src\kiwano\event\Event.cpp">
      <Filter>event</Filter>
    </ClCompile>
    <ClCompile Include="..\..\src\kiwano\event\EventDispatcher.cpp">
      <Filter>event</Filter>
    </ClCompile>
    <ClCompile Include="..\..\src\kiwano\event\KeyEvent.cpp">
      <Filter>event</Filter>
    </ClCompile>
    <ClCompile Include="..\..\src\kiwano\event\MouseEvent.cpp">
      <Filter>event</Filter>
    </ClCompile>
    <ClCompile Include="..\..\src\kiwano\event\WindowEvent.cpp">
      <Filter>event</Filter>
    </ClCompile>
    <ClCompile Include="..\..\src\kiwano\2d\Actor.cpp">
      <Filter>2d</Filter>
    </ClCompile>
    <ClCompile Include="..\..\src\kiwano\base\component\Button.cpp">
      <Filter>base\component</Filter>
    </ClCompile>
    <ClCompile Include="..\..\src\kiwano\base\component\Component.cpp">
      <Filter>base\component</Filter>
    </ClCompile>
    <ClCompile Include="..\..\src\kiwano\base\component\ComponentManager.cpp">
      <Filter>base\component</Filter>
    </ClCompile>
    <ClCompile Include="..\..\src\kiwano\utils\ConfigIni.cpp">
      <Filter>utils</Filter>
    </ClCompile>
    <ClCompile Include="..\..\src\kiwano\base\RefObject.cpp">
      <Filter>base</Filter>
    </ClCompile>
    <ClCompile Include="..\..\src\kiwano\utils\ResourceLoader.cpp">
      <Filter>utils</Filter>
    </ClCompile>
    <ClCompile Include="..\..\src\kiwano\render\TextStyle.cpp">
      <Filter>render</Filter>
    </ClCompile>
    <ClCompile Include="..\..\src\kiwano\core\Duration.cpp">
      <Filter>core</Filter>
    </ClCompile>
    <ClCompile Include="..\..\src\kiwano\2d\animation\EaseFunc.cpp">
      <Filter>2d\animation</Filter>
    </ClCompile>
    <ClCompile Include="..\..\src\kiwano\2d\animation\FrameAnimation.cpp">
      <Filter>2d\animation</Filter>
    </ClCompile>
    <ClCompile Include="..\..\src\kiwano\2d\animation\CustomAnimation.cpp">
      <Filter>2d\animation</Filter>
    </ClCompile>
    <ClCompile Include="..\..\src\kiwano\2d\animation\Animation.cpp">
      <Filter>2d\animation</Filter>
    </ClCompile>
    <ClCompile Include="..\..\src\kiwano\2d\animation\DelayAnimation.cpp">
      <Filter>2d\animation</Filter>
    </ClCompile>
    <ClCompile Include="..\..\src\kiwano\2d\animation\AnimationGroup.cpp">
      <Filter>2d\animation</Filter>
    </ClCompile>
    <ClCompile Include="..\..\src\kiwano\2d\animation\TweenAnimation.cpp">
      <Filter>2d\animation</Filter>
    </ClCompile>
    <ClCompile Include="..\..\src\kiwano\2d\animation\PathAnimation.cpp">
      <Filter>2d\animation</Filter>
    </ClCompile>
    <ClCompile Include="..\..\src\kiwano\2d\animation\Animator.cpp">
      <Filter>2d\animation</Filter>
    </ClCompile>
    <ClCompile Include="..\..\src\kiwano\2d\animation\FrameSequence.cpp">
      <Filter>2d\animation</Filter>
    </ClCompile>
    <ClCompile Include="..\..\src\kiwano\2d\SpriteFrame.cpp">
      <Filter>2d</Filter>
    </ClCompile>
    <ClCompile Include="..\..\src\kiwano\2d\transition\Transition.cpp">
      <Filter>2d\transition</Filter>
    </ClCompile>
    <ClCompile Include="..\..\src\kiwano\2d\transition\FadeTransition.cpp">
      <Filter>2d\transition</Filter>
    </ClCompile>
    <ClCompile Include="..\..\src\kiwano\2d\transition\MoveTransition.cpp">
      <Filter>2d\transition</Filter>
    </ClCompile>
    <ClCompile Include="..\..\src\kiwano\2d\transition\RotationTransition.cpp">
      <Filter>2d\transition</Filter>
    </ClCompile>
    <ClCompile Include="..\..\src\kiwano\2d\transition\BoxTransition.cpp">
      <Filter>2d\transition</Filter>
    </ClCompile>
    <ClCompile Include="..\..\src\kiwano\base\component\MouseSensor.cpp">
      <Filter>base\component</Filter>
    </ClCompile>
    <ClCompile Include="..\..\src\kiwano\event\listener\EventListener.cpp">
      <Filter>event\listener</Filter>
    </ClCompile>
    <ClCompile Include="..\..\src\kiwano\event\listener\MouseEventListener.cpp">
      <Filter>event\listener</Filter>
    </ClCompile>
    <ClCompile Include="..\..\src\kiwano\event\listener\KeyEventListener.cpp">
      <Filter>event\listener</Filter>
    </ClCompile>
    <ClCompile Include="..\..\src\kiwano\render\DirectX\TextDrawingEffect.cpp">
      <Filter>render\DirectX</Filter>
    </ClCompile>
    <ClCompile Include="..\..\src\kiwano\render\Layer.cpp">
      <Filter>render</Filter>
    </ClCompile>
  </ItemGroup>
  <ItemGroup>
    <None Include="suppress_warning.ruleset" />
  </ItemGroup>
</Project>