<?xml version="1.0" encoding="utf-8"?>
<Project ToolsVersion="4.0" xmlns="http://schemas.microsoft.com/developer/msbuild/2003">
  <ItemGroup>
    <Filter Include="math">
      <UniqueIdentifier>{80bc6386-2b70-4bae-993c-649a55163a1b}</UniqueIdentifier>
    </Filter>
    <Filter Include="utils">
      <UniqueIdentifier>{68eac919-ee87-4030-a033-c251731928f5}</UniqueIdentifier>
    </Filter>
    <Filter Include="platform">
      <UniqueIdentifier>{c2654ccc-59f6-4c17-bb6b-99b07fc78702}</UniqueIdentifier>
    </Filter>
    <Filter Include="2d">
      <UniqueIdentifier>{896bdedf-6e82-449b-9b6e-0bc69f3699b1}</UniqueIdentifier>
    </Filter>
    <Filter Include="core">
      <UniqueIdentifier>{2e18d99a-e906-499a-9e29-4e0783202644}</UniqueIdentifier>
    </Filter>
    <Filter Include="2d\action">
      <UniqueIdentifier>{9314f30d-5742-48b6-94e5-e3b4284106f6}</UniqueIdentifier>
    </Filter>
    <Filter Include="platform\win32">
      <UniqueIdentifier>{e84dcf9a-e650-473e-8c9c-193804ab9e76}</UniqueIdentifier>
    </Filter>
    <Filter Include="core\event">
      <UniqueIdentifier>{c629aedd-ffb9-4bc1-82c3-f50e77c82e77}</UniqueIdentifier>
    </Filter>
    <Filter Include="render">
      <UniqueIdentifier>{adb44ca9-674a-4b77-993f-d65193d8ab06}</UniqueIdentifier>
    </Filter>
    <Filter Include="render\DirectX">
      <UniqueIdentifier>{fd281702-0006-46d2-8fd1-28c502464164}</UniqueIdentifier>
    </Filter>
  </ItemGroup>
  <ItemGroup>
    <ClInclude Include="..\..\src\kiwano\2d\Canvas.h">
      <Filter>2d</Filter>
    </ClInclude>
    <ClInclude Include="..\..\src\kiwano\2d\Layer.h">
      <Filter>2d</Filter>
    </ClInclude>
    <ClInclude Include="..\..\src\kiwano\2d\Sprite.h">
      <Filter>2d</Filter>
    </ClInclude>
    <ClInclude Include="..\..\src\kiwano\2d\Transition.h">
      <Filter>2d</Filter>
    </ClInclude>
    <ClInclude Include="..\..\src\kiwano\core\Component.h">
      <Filter>core</Filter>
    </ClInclude>
    <ClInclude Include="..\..\src\kiwano\core\EventDispatcher.h">
      <Filter>core</Filter>
    </ClInclude>
    <ClInclude Include="..\..\src\kiwano\core\EventListener.h">
      <Filter>core</Filter>
    </ClInclude>
    <ClInclude Include="..\..\src\kiwano\core\Resource.h">
      <Filter>core</Filter>
    </ClInclude>
    <ClInclude Include="..\..\src\kiwano\math\Matrix.hpp">
      <Filter>math</Filter>
    </ClInclude>
    <ClInclude Include="..\..\src\kiwano\math\rand.h">
      <Filter>math</Filter>
    </ClInclude>
    <ClInclude Include="..\..\src\kiwano\math\Rect.hpp">
      <Filter>math</Filter>
    </ClInclude>
    <ClInclude Include="..\..\src\kiwano\platform\Application.h">
      <Filter>platform</Filter>
    </ClInclude>
    <ClInclude Include="..\..\src\kiwano\config.h" />
    <ClInclude Include="..\..\src\kiwano\macros.h" />
    <ClInclude Include="..\..\src\kiwano\math\Vec2.hpp">
      <Filter>math</Filter>
    </ClInclude>
    <ClInclude Include="..\..\src\kiwano\core\SmartPtr.hpp">
      <Filter>core</Filter>
    </ClInclude>
    <ClInclude Include="..\..\src\kiwano\kiwano.h" />
    <ClInclude Include="..\..\src\kiwano\core\Timer.h">
      <Filter>core</Filter>
    </ClInclude>
    <ClInclude Include="..\..\src\kiwano\core\TimerManager.h">
      <Filter>core</Filter>
    </ClInclude>
    <ClInclude Include="..\..\src\kiwano\core\AsyncTask.h">
      <Filter>core</Filter>
    </ClInclude>
    <ClInclude Include="..\..\src\kiwano\2d\GifSprite.h">
      <Filter>2d</Filter>
    </ClInclude>
    <ClInclude Include="..\..\src\kiwano\2d\Actor.h">
      <Filter>2d</Filter>
    </ClInclude>
    <ClInclude Include="..\..\src\kiwano\2d\Stage.h">
      <Filter>2d</Filter>
    </ClInclude>
    <ClInclude Include="..\..\src\kiwano\2d\Frame.h">
      <Filter>2d</Filter>
    </ClInclude>
    <ClInclude Include="..\..\src\kiwano\2d\action\Action.h">
      <Filter>2d\action</Filter>
    </ClInclude>
    <ClInclude Include="..\..\src\kiwano\2d\action\ActionGroup.h">
      <Filter>2d\action</Filter>
    </ClInclude>
    <ClInclude Include="..\..\src\kiwano\2d\action\ActionHelper.h">
      <Filter>2d\action</Filter>
    </ClInclude>
    <ClInclude Include="..\..\src\kiwano\2d\action\ActionTween.h">
      <Filter>2d\action</Filter>
    </ClInclude>
    <ClInclude Include="..\..\src\kiwano\2d\action\ActionManager.h">
      <Filter>2d\action</Filter>
    </ClInclude>
    <ClInclude Include="..\..\src\kiwano\2d\action\Animation.h">
      <Filter>2d\action</Filter>
    </ClInclude>
    <ClInclude Include="..\..\src\kiwano\utils\ResourceCache.h">
      <Filter>utils</Filter>
    </ClInclude>
    <ClInclude Include="..\..\src\kiwano\2d\FrameSequence.h">
      <Filter>2d</Filter>
    </ClInclude>
    <ClInclude Include="..\..\src\kiwano\2d\DebugActor.h">
      <Filter>2d</Filter>
    </ClInclude>
    <ClInclude Include="..\..\src\kiwano\2d\ShapeActor.h">
      <Filter>2d</Filter>
    </ClInclude>
    <ClInclude Include="..\..\src\kiwano\2d\action\ActionDelay.h">
      <Filter>2d\action</Filter>
    </ClInclude>
    <ClInclude Include="..\..\src\kiwano\2d\action\ActionWalk.h">
      <Filter>2d\action</Filter>
    </ClInclude>
    <ClInclude Include="..\..\src\kiwano\core\Logger.h">
      <Filter>core</Filter>
    </ClInclude>
    <ClInclude Include="..\..\src\kiwano\math\math.h">
      <Filter>math</Filter>
    </ClInclude>
    <ClInclude Include="..\..\src\kiwano\core\ObjectBase.h">
      <Filter>core</Filter>
    </ClInclude>
    <ClInclude Include="..\..\src\kiwano\2d\Transform.h">
      <Filter>2d</Filter>
    </ClInclude>
    <ClInclude Include="..\..\src\kiwano\math\constants.h">
      <Filter>math</Filter>
    </ClInclude>
    <ClInclude Include="..\..\src\kiwano\math\ease.h">
      <Filter>math</Filter>
    </ClInclude>
    <ClInclude Include="..\..\src\kiwano\math\scalar.h">
      <Filter>math</Filter>
    </ClInclude>
    <ClInclude Include="..\..\src\kiwano\utils\LocalStorage.h">
      <Filter>utils</Filter>
    </ClInclude>
    <ClInclude Include="..\..\src\kiwano\utils\UserData.h">
      <Filter>utils</Filter>
    </ClInclude>
    <ClInclude Include="..\..\src\kiwano\core\Library.h">
      <Filter>core</Filter>
    </ClInclude>
    <ClInclude Include="..\..\src\kiwano\platform\FileSystem.h">
      <Filter>platform</Filter>
    </ClInclude>
    <ClInclude Include="..\..\src\kiwano\platform\Input.h">
      <Filter>platform</Filter>
    </ClInclude>
    <ClInclude Include="..\..\src\kiwano\platform\Window.h">
      <Filter>platform</Filter>
    </ClInclude>
    <ClInclude Include="..\..\src\kiwano\2d\TextActor.h">
      <Filter>2d</Filter>
    </ClInclude>
    <ClInclude Include="..\..\src\kiwano\core\RefCounter.h">
      <Filter>core</Filter>
    </ClInclude>
    <ClInclude Include="..\..\src\kiwano\platform\win32\ComPtr.hpp">
      <Filter>platform\win32</Filter>
    </ClInclude>
    <ClInclude Include="..\..\src\kiwano\platform\win32\libraries.h">
      <Filter>platform\win32</Filter>
    </ClInclude>
    <ClInclude Include="..\..\src\kiwano\platform\win32\helper.h">
      <Filter>platform\win32</Filter>
    </ClInclude>
    <ClInclude Include="..\..\src\kiwano\core\event\Event.h">
      <Filter>core\event</Filter>
    </ClInclude>
    <ClInclude Include="..\..\src\kiwano\core\event\EventType.h">
      <Filter>core\event</Filter>
    </ClInclude>
    <ClInclude Include="..\..\src\kiwano\core\event\KeyEvent.h">
      <Filter>core\event</Filter>
    </ClInclude>
    <ClInclude Include="..\..\src\kiwano\core\event\MouseEvent.h">
      <Filter>core\event</Filter>
    </ClInclude>
    <ClInclude Include="..\..\src\kiwano\core\event\WindowEvent.h">
      <Filter>core\event</Filter>
    </ClInclude>
    <ClInclude Include="..\..\src\kiwano\2d\Button.h">
      <Filter>2d</Filter>
    </ClInclude>
    <ClInclude Include="..\..\src\kiwano\core\Director.h">
      <Filter>core</Filter>
    </ClInclude>
    <ClInclude Include="..\..\src\kiwano\core\Singleton.h">
      <Filter>core</Filter>
    </ClInclude>
    <ClInclude Include="..\..\src\kiwano\core\Common.h">
      <Filter>core</Filter>
    </ClInclude>
    <ClInclude Include="..\..\src\kiwano\core\Keys.h">
      <Filter>core</Filter>
    </ClInclude>
    <ClInclude Include="..\..\src\kiwano\core\Time.h">
      <Filter>core</Filter>
    </ClInclude>
    <ClInclude Include="..\..\src\kiwano\render\Brush.h">
      <Filter>render</Filter>
    </ClInclude>
    <ClInclude Include="..\..\src\kiwano\render\Color.h">
      <Filter>render</Filter>
    </ClInclude>
    <ClInclude Include="..\..\src\kiwano\render\Font.h">
      <Filter>render</Filter>
    </ClInclude>
    <ClInclude Include="..\..\src\kiwano\render\Geometry.h">
      <Filter>render</Filter>
    </ClInclude>
    <ClInclude Include="..\..\src\kiwano\render\GeometrySink.h">
      <Filter>render</Filter>
    </ClInclude>
    <ClInclude Include="..\..\src\kiwano\render\GifImage.h">
      <Filter>render</Filter>
    </ClInclude>
    <ClInclude Include="..\..\src\kiwano\render\LayerArea.h">
      <Filter>render</Filter>
    </ClInclude>
    <ClInclude Include="..\..\src\kiwano\render\RenderContext.h">
      <Filter>render</Filter>
    </ClInclude>
    <ClInclude Include="..\..\src\kiwano\render\Renderer.h">
      <Filter>render</Filter>
    </ClInclude>
    <ClInclude Include="..\..\src\kiwano\render\StrokeStyle.h">
      <Filter>render</Filter>
    </ClInclude>
    <ClInclude Include="..\..\src\kiwano\render\TextLayout.h">
      <Filter>render</Filter>
    </ClInclude>
    <ClInclude Include="..\..\src\kiwano\render\TextStyle.hpp">
      <Filter>render</Filter>
    </ClInclude>
    <ClInclude Include="..\..\src\kiwano\render\Texture.h">
      <Filter>render</Filter>
    </ClInclude>
    <ClInclude Include="..\..\src\kiwano\render\TextureCache.h">
      <Filter>render</Filter>
    </ClInclude>
    <ClInclude Include="..\..\src\kiwano\render\DirectX\D2DDeviceResources.h">
      <Filter>render\DirectX</Filter>
    </ClInclude>
    <ClInclude Include="..\..\src\kiwano\render\DirectX\D3D10DeviceResources.h">
      <Filter>render\DirectX</Filter>
    </ClInclude>
    <ClInclude Include="..\..\src\kiwano\render\DirectX\D3D11DeviceResources.h">
      <Filter>render\DirectX</Filter>
    </ClInclude>
    <ClInclude Include="..\..\src\kiwano\render\DirectX\D3DDeviceResourcesBase.h">
      <Filter>render\DirectX</Filter>
    </ClInclude>
    <ClInclude Include="..\..\src\kiwano\render\DirectX\FontCollectionLoader.h">
      <Filter>render\DirectX</Filter>
    </ClInclude>
    <ClInclude Include="..\..\src\kiwano\render\DirectX\helper.h">
      <Filter>render\DirectX</Filter>
    </ClInclude>
    <ClInclude Include="..\..\src\kiwano\render\DirectX\TextRenderer.h">
      <Filter>render\DirectX</Filter>
    </ClInclude>
  </ItemGroup>
  <ItemGroup>
    <ClCompile Include="..\..\src\kiwano\2d\Canvas.cpp">
      <Filter>2d</Filter>
    </ClCompile>
    <ClCompile Include="..\..\src\kiwano\2d\Layer.cpp">
      <Filter>2d</Filter>
    </ClCompile>
    <ClCompile Include="..\..\src\kiwano\2d\Sprite.cpp">
      <Filter>2d</Filter>
    </ClCompile>
    <ClCompile Include="..\..\src\kiwano\2d\Transition.cpp">
      <Filter>2d</Filter>
    </ClCompile>
    <ClCompile Include="..\..\src\kiwano\core\EventDispatcher.cpp">
      <Filter>core</Filter>
    </ClCompile>
    <ClCompile Include="..\..\src\kiwano\core\EventListener.cpp">
      <Filter>core</Filter>
    </ClCompile>
    <ClCompile Include="..\..\src\kiwano\core\Resource.cpp">
      <Filter>core</Filter>
    </ClCompile>
    <ClCompile Include="..\..\src\kiwano\platform\Application.cpp">
      <Filter>platform</Filter>
    </ClCompile>
    <ClCompile Include="..\..\src\kiwano\core\Timer.cpp">
      <Filter>core</Filter>
    </ClCompile>
    <ClCompile Include="..\..\src\kiwano\core\TimerManager.cpp">
      <Filter>core</Filter>
    </ClCompile>
    <ClCompile Include="..\..\src\kiwano\core\AsyncTask.cpp">
      <Filter>core</Filter>
    </ClCompile>
    <ClCompile Include="..\..\src\kiwano\2d\GifSprite.cpp">
      <Filter>2d</Filter>
    </ClCompile>
    <ClCompile Include="..\..\src\kiwano\2d\Actor.cpp">
      <Filter>2d</Filter>
    </ClCompile>
    <ClCompile Include="..\..\src\kiwano\2d\Stage.cpp">
      <Filter>2d</Filter>
    </ClCompile>
    <ClCompile Include="..\..\src\kiwano\2d\Frame.cpp">
      <Filter>2d</Filter>
    </ClCompile>
    <ClCompile Include="..\..\src\kiwano\2d\action\Action.cpp">
      <Filter>2d\action</Filter>
    </ClCompile>
    <ClCompile Include="..\..\src\kiwano\2d\action\ActionGroup.cpp">
      <Filter>2d\action</Filter>
    </ClCompile>
    <ClCompile Include="..\..\src\kiwano\2d\action\ActionTween.cpp">
      <Filter>2d\action</Filter>
    </ClCompile>
    <ClCompile Include="..\..\src\kiwano\2d\action\ActionManager.cpp">
      <Filter>2d\action</Filter>
    </ClCompile>
    <ClCompile Include="..\..\src\kiwano\2d\action\Animation.cpp">
      <Filter>2d\action</Filter>
    </ClCompile>
    <ClCompile Include="..\..\src\kiwano\utils\ResourceCache.cpp">
      <Filter>utils</Filter>
    </ClCompile>
    <ClCompile Include="..\..\src\kiwano\2d\FrameSequence.cpp">
      <Filter>2d</Filter>
    </ClCompile>
    <ClCompile Include="..\..\src\kiwano\2d\DebugActor.cpp">
      <Filter>2d</Filter>
    </ClCompile>
    <ClCompile Include="..\..\src\kiwano\2d\ShapeActor.cpp">
      <Filter>2d</Filter>
    </ClCompile>
    <ClCompile Include="..\..\src\kiwano\2d\action\ActionDelay.cpp">
      <Filter>2d\action</Filter>
    </ClCompile>
    <ClCompile Include="..\..\src\kiwano\2d\action\ActionWalk.cpp">
      <Filter>2d\action</Filter>
    </ClCompile>
    <ClCompile Include="..\..\src\kiwano\core\Logger.cpp">
      <Filter>core</Filter>
    </ClCompile>
    <ClCompile Include="..\..\src\kiwano\core\ObjectBase.cpp">
      <Filter>core</Filter>
    </ClCompile>
    <ClCompile Include="..\..\src\kiwano\2d\Transform.cpp">
      <Filter>2d</Filter>
    </ClCompile>
    <ClCompile Include="..\..\src\kiwano\core\Component.cpp">
      <Filter>core</Filter>
    </ClCompile>
    <ClCompile Include="..\..\src\kiwano\utils\LocalStorage.cpp">
      <Filter>utils</Filter>
    </ClCompile>
    <ClCompile Include="..\..\src\kiwano\utils\UserData.cpp">
      <Filter>utils</Filter>
    </ClCompile>
    <ClCompile Include="..\..\src\kiwano\core\Library.cpp">
      <Filter>core</Filter>
    </ClCompile>
    <ClCompile Include="..\..\src\kiwano\platform\FileSystem.cpp">
      <Filter>platform</Filter>
    </ClCompile>
    <ClCompile Include="..\..\src\kiwano\platform\Input.cpp">
      <Filter>platform</Filter>
    </ClCompile>
    <ClCompile Include="..\..\src\kiwano\platform\Window.cpp">
      <Filter>platform</Filter>
    </ClCompile>
    <ClCompile Include="..\..\src\kiwano\2d\TextActor.cpp">
      <Filter>2d</Filter>
    </ClCompile>
    <ClCompile Include="..\..\src\kiwano\core\RefCounter.cpp">
      <Filter>core</Filter>
    </ClCompile>
    <ClCompile Include="..\..\src\kiwano\platform\win32\libraries.cpp">
      <Filter>platform\win32</Filter>
    </ClCompile>
    <ClCompile Include="..\..\src\kiwano\platform\win32\StackWalker.cpp">
      <Filter>platform\win32</Filter>
    </ClCompile>
    <ClCompile Include="..\..\src\kiwano\core\event\Event.cpp">
      <Filter>core\event</Filter>
    </ClCompile>
    <ClCompile Include="..\..\src\kiwano\core\event\KeyEvent.cpp">
      <Filter>core\event</Filter>
    </ClCompile>
    <ClCompile Include="..\..\src\kiwano\core\event\MouseEvent.cpp">
      <Filter>core\event</Filter>
    </ClCompile>
    <ClCompile Include="..\..\src\kiwano\core\event\WindowEvent.cpp">
      <Filter>core\event</Filter>
    </ClCompile>
    <ClCompile Include="..\..\src\kiwano\2d\Button.cpp">
      <Filter>2d</Filter>
    </ClCompile>
    <ClCompile Include="..\..\src\kiwano\core\Director.cpp">
      <Filter>core</Filter>
    </ClCompile>
    <ClCompile Include="..\..\src\kiwano\platform\win32\WindowImpl.cpp">
      <Filter>platform\win32</Filter>
    </ClCompile>
    <ClCompile Include="..\..\src\kiwano\core\Time.cpp">
      <Filter>core</Filter>
    </ClCompile>
    <ClCompile Include="..\..\src\kiwano\render\Brush.cpp">
      <Filter>render</Filter>
    </ClCompile>
    <ClCompile Include="..\..\src\kiwano\render\Color.cpp">
      <Filter>render</Filter>
    </ClCompile>
    <ClCompile Include="..\..\src\kiwano\render\Font.cpp">
      <Filter>render</Filter>
    </ClCompile>
    <ClCompile Include="..\..\src\kiwano\render\Geometry.cpp">
      <Filter>render</Filter>
    </ClCompile>
    <ClCompile Include="..\..\src\kiwano\render\GeometrySink.cpp">
      <Filter>render</Filter>
    </ClCompile>
    <ClCompile Include="..\..\src\kiwano\render\GifImage.cpp">
      <Filter>render</Filter>
    </ClCompile>
    <ClCompile Include="..\..\src\kiwano\render\LayerArea.cpp">
      <Filter>render</Filter>
    </ClCompile>
    <ClCompile Include="..\..\src\kiwano\render\RenderContext.cpp">
      <Filter>render</Filter>
    </ClCompile>
    <ClCompile Include="..\..\src\kiwano\render\Renderer.cpp">
      <Filter>render</Filter>
    </ClCompile>
    <ClCompile Include="..\..\src\kiwano\render\StrokeStyle.cpp">
      <Filter>render</Filter>
    </ClCompile>
    <ClCompile Include="..\..\src\kiwano\render\TextLayout.cpp">
      <Filter>render</Filter>
    </ClCompile>
    <ClCompile Include="..\..\src\kiwano\render\Texture.cpp">
      <Filter>render</Filter>
    </ClCompile>
    <ClCompile Include="..\..\src\kiwano\render\TextureCache.cpp">
      <Filter>render</Filter>
    </ClCompile>
    <ClCompile Include="..\..\src\kiwano\render\DirectX\D2DDeviceResources.cpp">
      <Filter>render\DirectX</Filter>
    </ClCompile>
    <ClCompile Include="..\..\src\kiwano\render\DirectX\D3D10DeviceResources.cpp">
      <Filter>render\DirectX</Filter>
    </ClCompile>
    <ClCompile Include="..\..\src\kiwano\render\DirectX\D3D11DeviceResources.cpp">
      <Filter>render\DirectX</Filter>
    </ClCompile>
    <ClCompile Include="..\..\src\kiwano\render\DirectX\FontCollectionLoader.cpp">
      <Filter>render\DirectX</Filter>
    </ClCompile>
    <ClCompile Include="..\..\src\kiwano\render\DirectX\TextRenderer.cpp">
      <Filter>render\DirectX</Filter>
    </ClCompile>
  </ItemGroup>
</Project>