<?xml version="1.0" encoding="utf-8"?>
<Project ToolsVersion="4.0" xmlns="http://schemas.microsoft.com/developer/msbuild/2003">
  <ItemGroup>
    <Filter Include="core">
      <UniqueIdentifier>{896bdedf-6e82-449b-9b6e-0bc69f3699b1}</UniqueIdentifier>
    </Filter>
    <Filter Include="math">
      <UniqueIdentifier>{80bc6386-2b70-4bae-993c-649a55163a1b}</UniqueIdentifier>
    </Filter>
    <Filter Include="utils">
      <UniqueIdentifier>{68eac919-ee87-4030-a033-c251731928f5}</UniqueIdentifier>
    </Filter>
    <Filter Include="ui">
      <UniqueIdentifier>{07b6d541-4a1b-472a-aae0-daf9d082fe84}</UniqueIdentifier>
    </Filter>
  </ItemGroup>
  <ItemGroup>
    <ClInclude Include="..\..\src\easy2d.h" />
    <ClInclude Include="..\..\src\core\Animation.h">
      <Filter>core</Filter>
    </ClInclude>
    <ClInclude Include="..\..\src\core\audio.h">
      <Filter>core</Filter>
    </ClInclude>
    <ClInclude Include="..\..\src\core\Canvas.h">
      <Filter>core</Filter>
    </ClInclude>
    <ClInclude Include="..\..\src\core\Color.h">
      <Filter>core</Filter>
    </ClInclude>
    <ClInclude Include="..\..\src\core\Image.h">
      <Filter>core</Filter>
    </ClInclude>
    <ClInclude Include="..\..\src\core\Input.h">
      <Filter>core</Filter>
    </ClInclude>
    <ClInclude Include="..\..\src\core\logs.h">
      <Filter>core</Filter>
    </ClInclude>
    <ClInclude Include="..\..\src\core\macros.h">
      <Filter>core</Filter>
    </ClInclude>
    <ClInclude Include="..\..\src\core\modules.h">
      <Filter>core</Filter>
    </ClInclude>
    <ClInclude Include="..\..\src\core\Node.h">
      <Filter>core</Filter>
    </ClInclude>
    <ClInclude Include="..\..\src\core\render.h">
      <Filter>core</Filter>
    </ClInclude>
    <ClInclude Include="..\..\src\core\Resource.h">
      <Filter>core</Filter>
    </ClInclude>
    <ClInclude Include="..\..\src\core\Scene.h">
      <Filter>core</Filter>
    </ClInclude>
    <ClInclude Include="..\..\src\core\Sprite.h">
      <Filter>core</Filter>
    </ClInclude>
    <ClInclude Include="..\..\src\core\Task.h">
      <Filter>core</Filter>
    </ClInclude>
    <ClInclude Include="..\..\src\core\Text.h">
      <Filter>core</Filter>
    </ClInclude>
    <ClInclude Include="..\..\src\core\TextRenderer.h">
      <Filter>core</Filter>
    </ClInclude>
    <ClInclude Include="..\..\src\core\time.h">
      <Filter>core</Filter>
    </ClInclude>
    <ClInclude Include="..\..\src\core\Transition.h">
      <Filter>core</Filter>
    </ClInclude>
    <ClInclude Include="..\..\src\core\window.h">
      <Filter>core</Filter>
    </ClInclude>
    <ClInclude Include="..\..\src\math\rand.h">
      <Filter>math</Filter>
    </ClInclude>
    <ClInclude Include="..\..\src\math\scalar.hpp">
      <Filter>math</Filter>
    </ClInclude>
    <ClInclude Include="..\..\src\math\vector.hpp">
      <Filter>math</Filter>
    </ClInclude>
    <ClInclude Include="..\..\src\utils\Data.h">
      <Filter>utils</Filter>
    </ClInclude>
    <ClInclude Include="..\..\src\utils\File.h">
      <Filter>utils</Filter>
    </ClInclude>
    <ClInclude Include="..\..\src\utils\Path.h">
      <Filter>utils</Filter>
    </ClInclude>
    <ClInclude Include="..\..\src\utils\Player.h">
      <Filter>utils</Filter>
    </ClInclude>
    <ClInclude Include="..\..\src\utils\Transcoder.h">
      <Filter>utils</Filter>
    </ClInclude>
    <ClInclude Include="..\..\src\ui\Button.h">
      <Filter>ui</Filter>
    </ClInclude>
    <ClInclude Include="..\..\src\ui\Menu.h">
      <Filter>ui</Filter>
    </ClInclude>
    <ClInclude Include="..\..\src\core\Music.h">
      <Filter>core</Filter>
    </ClInclude>
    <ClInclude Include="..\..\src\core\Singleton.hpp">
      <Filter>core</Filter>
    </ClInclude>
    <ClInclude Include="..\..\src\core\RefCounter.hpp">
      <Filter>core</Filter>
    </ClInclude>
    <ClInclude Include="..\..\src\core\Action.hpp">
      <Filter>core</Filter>
    </ClInclude>
    <ClInclude Include="..\..\src\core\ActionManager.h">
      <Filter>core</Filter>
    </ClInclude>
    <ClInclude Include="..\..\src\core\TaskManager.h">
      <Filter>core</Filter>
    </ClInclude>
    <ClInclude Include="..\..\src\core\TextStyle.hpp">
      <Filter>core</Filter>
    </ClInclude>
    <ClInclude Include="..\..\src\core\Font.hpp">
      <Filter>core</Filter>
    </ClInclude>
    <ClInclude Include="..\..\src\core\Transform.hpp">
      <Filter>core</Filter>
    </ClInclude>
    <ClInclude Include="..\..\src\core\noncopyable.hpp">
      <Filter>core</Filter>
    </ClInclude>
    <ClInclude Include="..\..\src\utils\string.h">
      <Filter>utils</Filter>
    </ClInclude>
    <ClInclude Include="..\..\src\core\Geometry.h">
      <Filter>core</Filter>
    </ClInclude>
    <ClInclude Include="..\..\src\core\GeometryNode.h">
      <Filter>core</Filter>
    </ClInclude>
    <ClInclude Include="..\..\src\math\ease.hpp">
      <Filter>math</Filter>
    </ClInclude>
    <ClInclude Include="..\..\src\core\ActionTween.h">
      <Filter>core</Filter>
    </ClInclude>
    <ClInclude Include="..\..\src\core\Delay.h">
      <Filter>core</Filter>
    </ClInclude>
    <ClInclude Include="..\..\src\core\Frames.h">
      <Filter>core</Filter>
    </ClInclude>
    <ClInclude Include="..\..\src\math\constants.hpp">
      <Filter>math</Filter>
    </ClInclude>
    <ClInclude Include="..\..\src\core\Factory.h">
      <Filter>core</Filter>
    </ClInclude>
    <ClInclude Include="..\..\src\core\EventDispatcher.h">
      <Filter>core</Filter>
    </ClInclude>
    <ClInclude Include="..\..\src\core\EventListener.h">
      <Filter>core</Filter>
    </ClInclude>
    <ClInclude Include="..\..\src\core\Object.h">
      <Filter>core</Filter>
    </ClInclude>
    <ClInclude Include="..\..\src\core\helper.hpp">
      <Filter>core</Filter>
    </ClInclude>
    <ClInclude Include="..\..\src\core\d2dhelper.hpp">
      <Filter>core</Filter>
    </ClInclude>
    <ClInclude Include="..\..\src\core\keys.hpp">
      <Filter>core</Filter>
    </ClInclude>
    <ClInclude Include="..\..\src\core\include-forwards.h">
      <Filter>core</Filter>
    </ClInclude>
    <ClInclude Include="..\..\src\core\DebugNode.h">
      <Filter>core</Filter>
    </ClInclude>
    <ClInclude Include="..\..\src\math\Rect.hpp">
      <Filter>math</Filter>
    </ClInclude>
    <ClInclude Include="..\..\src\utils\ResLoader.h">
      <Filter>utils</Filter>
    </ClInclude>
    <ClInclude Include="..\..\src\core\Application.h">
      <Filter>core</Filter>
    </ClInclude>
    <ClInclude Include="..\..\src\core\Event.hpp">
      <Filter>core</Filter>
    </ClInclude>
    <ClInclude Include="..\..\src\core\IntrusiveList.hpp">
      <Filter>core</Filter>
    </ClInclude>
    <ClInclude Include="..\..\src\core\IntrusivePtr.hpp">
      <Filter>core</Filter>
    </ClInclude>
    <ClInclude Include="..\..\src\core\closure.hpp">
      <Filter>core</Filter>
    </ClInclude>
    <ClInclude Include="..\..\src\core\ActionGroup.h">
      <Filter>core</Filter>
    </ClInclude>
    <ClInclude Include="..\..\src\core\ActionHelper.h">
      <Filter>core</Filter>
    </ClInclude>
    <ClInclude Include="..\..\src\math\Matrix.h">
      <Filter>math</Filter>
    </ClInclude>
    <ClInclude Include="..\..\src\core\Array.h">
      <Filter>core</Filter>
    </ClInclude>
    <ClInclude Include="..\..\src\core\config.h">
      <Filter>core</Filter>
    </ClInclude>
  </ItemGroup>
  <ItemGroup>
    <ClCompile Include="..\..\src\core\Animation.cpp">
      <Filter>core</Filter>
    </ClCompile>
    <ClCompile Include="..\..\src\core\audio.cpp">
      <Filter>core</Filter>
    </ClCompile>
    <ClCompile Include="..\..\src\core\Canvas.cpp">
      <Filter>core</Filter>
    </ClCompile>
    <ClCompile Include="..\..\src\core\Color.cpp">
      <Filter>core</Filter>
    </ClCompile>
    <ClCompile Include="..\..\src\core\Image.cpp">
      <Filter>core</Filter>
    </ClCompile>
    <ClCompile Include="..\..\src\core\Input.cpp">
      <Filter>core</Filter>
    </ClCompile>
    <ClCompile Include="..\..\src\core\modules.cpp">
      <Filter>core</Filter>
    </ClCompile>
    <ClCompile Include="..\..\src\core\Node.cpp">
      <Filter>core</Filter>
    </ClCompile>
    <ClCompile Include="..\..\src\core\render.cpp">
      <Filter>core</Filter>
    </ClCompile>
    <ClCompile Include="..\..\src\core\Resource.cpp">
      <Filter>core</Filter>
    </ClCompile>
    <ClCompile Include="..\..\src\core\Scene.cpp">
      <Filter>core</Filter>
    </ClCompile>
    <ClCompile Include="..\..\src\core\Sprite.cpp">
      <Filter>core</Filter>
    </ClCompile>
    <ClCompile Include="..\..\src\core\Task.cpp">
      <Filter>core</Filter>
    </ClCompile>
    <ClCompile Include="..\..\src\core\Text.cpp">
      <Filter>core</Filter>
    </ClCompile>
    <ClCompile Include="..\..\src\core\TextRenderer.cpp">
      <Filter>core</Filter>
    </ClCompile>
    <ClCompile Include="..\..\src\core\time.cpp">
      <Filter>core</Filter>
    </ClCompile>
    <ClCompile Include="..\..\src\core\Transition.cpp">
      <Filter>core</Filter>
    </ClCompile>
    <ClCompile Include="..\..\src\core\window.cpp">
      <Filter>core</Filter>
    </ClCompile>
    <ClCompile Include="..\..\src\math\rand.cpp">
      <Filter>math</Filter>
    </ClCompile>
    <ClCompile Include="..\..\src\utils\Data.cpp">
      <Filter>utils</Filter>
    </ClCompile>
    <ClCompile Include="..\..\src\utils\File.cpp">
      <Filter>utils</Filter>
    </ClCompile>
    <ClCompile Include="..\..\src\utils\Path.cpp">
      <Filter>utils</Filter>
    </ClCompile>
    <ClCompile Include="..\..\src\utils\Player.cpp">
      <Filter>utils</Filter>
    </ClCompile>
    <ClCompile Include="..\..\src\utils\Transcoder.cpp">
      <Filter>utils</Filter>
    </ClCompile>
    <ClCompile Include="..\..\src\ui\Button.cpp">
      <Filter>ui</Filter>
    </ClCompile>
    <ClCompile Include="..\..\src\ui\Menu.cpp">
      <Filter>ui</Filter>
    </ClCompile>
    <ClCompile Include="..\..\src\core\Music.cpp">
      <Filter>core</Filter>
    </ClCompile>
    <ClCompile Include="..\..\src\core\TaskManager.cpp">
      <Filter>core</Filter>
    </ClCompile>
    <ClCompile Include="..\..\src\core\ActionManager.cpp">
      <Filter>core</Filter>
    </ClCompile>
    <ClCompile Include="..\..\src\core\logs.cpp">
      <Filter>core</Filter>
    </ClCompile>
    <ClCompile Include="..\..\src\utils\string.cpp">
      <Filter>utils</Filter>
    </ClCompile>
    <ClCompile Include="..\..\src\core\Geometry.cpp">
      <Filter>core</Filter>
    </ClCompile>
    <ClCompile Include="..\..\src\core\GeometryNode.cpp">
      <Filter>core</Filter>
    </ClCompile>
    <ClCompile Include="..\..\src\core\ActionTween.cpp">
      <Filter>core</Filter>
    </ClCompile>
    <ClCompile Include="..\..\src\core\Delay.cpp">
      <Filter>core</Filter>
    </ClCompile>
    <ClCompile Include="..\..\src\core\Frames.cpp">
      <Filter>core</Filter>
    </ClCompile>
    <ClCompile Include="..\..\src\core\Factory.cpp">
      <Filter>core</Filter>
    </ClCompile>
    <ClCompile Include="..\..\src\core\EventDispatcher.cpp">
      <Filter>core</Filter>
    </ClCompile>
    <ClCompile Include="..\..\src\core\EventListener.cpp">
      <Filter>core</Filter>
    </ClCompile>
    <ClCompile Include="..\..\src\core\Object.cpp">
      <Filter>core</Filter>
    </ClCompile>
    <ClCompile Include="..\..\src\core\DebugNode.cpp">
      <Filter>core</Filter>
    </ClCompile>
    <ClCompile Include="..\..\src\utils\ResLoader.cpp">
      <Filter>utils</Filter>
    </ClCompile>
    <ClCompile Include="..\..\src\core\Application.cpp">
      <Filter>core</Filter>
    </ClCompile>
    <ClCompile Include="..\..\src\core\ActionGroup.cpp">
      <Filter>core</Filter>
    </ClCompile>
    <ClCompile Include="..\..\src\math\Matrix.cpp">
      <Filter>math</Filter>
    </ClCompile>
  </ItemGroup>
</Project>