<?xml version="1.0" encoding="utf-8"?>
<Project ToolsVersion="4.0" xmlns="http://schemas.microsoft.com/developer/msbuild/2003">
  <ItemGroup>
    <Filter Include="core">
      <UniqueIdentifier>{896bdedf-6e82-449b-9b6e-0bc69f3699b1}</UniqueIdentifier>
    </Filter>
    <Filter Include="math">
      <UniqueIdentifier>{80bc6386-2b70-4bae-993c-649a55163a1b}</UniqueIdentifier>
    </Filter>
    <Filter Include="utils">
      <UniqueIdentifier>{68eac919-ee87-4030-a033-c251731928f5}</UniqueIdentifier>
    </Filter>
    <Filter Include="ui">
      <UniqueIdentifier>{07b6d541-4a1b-472a-aae0-daf9d082fe84}</UniqueIdentifier>
    </Filter>
    <Filter Include="dx">
      <UniqueIdentifier>{a9793a75-3212-4e31-a443-b23f18a1e136}</UniqueIdentifier>
    </Filter>
    <Filter Include="common">
      <UniqueIdentifier>{86e2d0f2-a9d0-4456-b6a5-d480228bbf82}</UniqueIdentifier>
    </Filter>
  </ItemGroup>
  <ItemGroup>
    <ClInclude Include="..\..\src\easy2d\easy2d.h" />
    <ClInclude Include="..\..\src\easy2d\core\Animation.h">
      <Filter>core</Filter>
    </ClInclude>
    <ClInclude Include="..\..\src\easy2d\core\Canvas.h">
      <Filter>core</Filter>
    </ClInclude>
    <ClInclude Include="..\..\src\easy2d\core\Color.h">
      <Filter>core</Filter>
    </ClInclude>
    <ClInclude Include="..\..\src\easy2d\core\Image.h">
      <Filter>core</Filter>
    </ClInclude>
    <ClInclude Include="..\..\src\easy2d\core\Input.h">
      <Filter>core</Filter>
    </ClInclude>
    <ClInclude Include="..\..\src\easy2d\core\logs.h">
      <Filter>core</Filter>
    </ClInclude>
    <ClInclude Include="..\..\src\easy2d\core\modules.h">
      <Filter>core</Filter>
    </ClInclude>
    <ClInclude Include="..\..\src\easy2d\core\Node.h">
      <Filter>core</Filter>
    </ClInclude>
    <ClInclude Include="..\..\src\easy2d\core\render.h">
      <Filter>core</Filter>
    </ClInclude>
    <ClInclude Include="..\..\src\easy2d\core\Resource.h">
      <Filter>core</Filter>
    </ClInclude>
    <ClInclude Include="..\..\src\easy2d\core\Scene.h">
      <Filter>core</Filter>
    </ClInclude>
    <ClInclude Include="..\..\src\easy2d\core\Sprite.h">
      <Filter>core</Filter>
    </ClInclude>
    <ClInclude Include="..\..\src\easy2d\core\Task.h">
      <Filter>core</Filter>
    </ClInclude>
    <ClInclude Include="..\..\src\easy2d\core\Text.h">
      <Filter>core</Filter>
    </ClInclude>
    <ClInclude Include="..\..\src\easy2d\core\time.h">
      <Filter>core</Filter>
    </ClInclude>
    <ClInclude Include="..\..\src\easy2d\core\Transition.h">
      <Filter>core</Filter>
    </ClInclude>
    <ClInclude Include="..\..\src\easy2d\core\window.h">
      <Filter>core</Filter>
    </ClInclude>
    <ClInclude Include="..\..\src\easy2d\math\rand.h">
      <Filter>math</Filter>
    </ClInclude>
    <ClInclude Include="..\..\src\easy2d\math\scalar.hpp">
      <Filter>math</Filter>
    </ClInclude>
    <ClInclude Include="..\..\src\easy2d\math\vector.hpp">
      <Filter>math</Filter>
    </ClInclude>
    <ClInclude Include="..\..\src\easy2d\utils\Data.h">
      <Filter>utils</Filter>
    </ClInclude>
    <ClInclude Include="..\..\src\easy2d\utils\File.h">
      <Filter>utils</Filter>
    </ClInclude>
    <ClInclude Include="..\..\src\easy2d\utils\Path.h">
      <Filter>utils</Filter>
    </ClInclude>
    <ClInclude Include="..\..\src\easy2d\ui\Button.h">
      <Filter>ui</Filter>
    </ClInclude>
    <ClInclude Include="..\..\src\easy2d\ui\Menu.h">
      <Filter>ui</Filter>
    </ClInclude>
    <ClInclude Include="..\..\src\easy2d\core\RefCounter.hpp">
      <Filter>core</Filter>
    </ClInclude>
    <ClInclude Include="..\..\src\easy2d\core\ActionManager.h">
      <Filter>core</Filter>
    </ClInclude>
    <ClInclude Include="..\..\src\easy2d\core\TaskManager.h">
      <Filter>core</Filter>
    </ClInclude>
    <ClInclude Include="..\..\src\easy2d\core\TextStyle.hpp">
      <Filter>core</Filter>
    </ClInclude>
    <ClInclude Include="..\..\src\easy2d\core\Font.hpp">
      <Filter>core</Filter>
    </ClInclude>
    <ClInclude Include="..\..\src\easy2d\core\Transform.hpp">
      <Filter>core</Filter>
    </ClInclude>
    <ClInclude Include="..\..\src\easy2d\core\Geometry.h">
      <Filter>core</Filter>
    </ClInclude>
    <ClInclude Include="..\..\src\easy2d\core\GeometryNode.h">
      <Filter>core</Filter>
    </ClInclude>
    <ClInclude Include="..\..\src\easy2d\math\ease.hpp">
      <Filter>math</Filter>
    </ClInclude>
    <ClInclude Include="..\..\src\easy2d\core\ActionTween.h">
      <Filter>core</Filter>
    </ClInclude>
    <ClInclude Include="..\..\src\easy2d\core\Frames.h">
      <Filter>core</Filter>
    </ClInclude>
    <ClInclude Include="..\..\src\easy2d\math\constants.hpp">
      <Filter>math</Filter>
    </ClInclude>
    <ClInclude Include="..\..\src\easy2d\core\EventDispatcher.h">
      <Filter>core</Filter>
    </ClInclude>
    <ClInclude Include="..\..\src\easy2d\core\EventListener.h">
      <Filter>core</Filter>
    </ClInclude>
    <ClInclude Include="..\..\src\easy2d\core\Object.h">
      <Filter>core</Filter>
    </ClInclude>
    <ClInclude Include="..\..\src\easy2d\core\keys.hpp">
      <Filter>core</Filter>
    </ClInclude>
    <ClInclude Include="..\..\src\easy2d\core\include-forwards.h">
      <Filter>core</Filter>
    </ClInclude>
    <ClInclude Include="..\..\src\easy2d\core\DebugNode.h">
      <Filter>core</Filter>
    </ClInclude>
    <ClInclude Include="..\..\src\easy2d\math\Rect.hpp">
      <Filter>math</Filter>
    </ClInclude>
    <ClInclude Include="..\..\src\easy2d\utils\ResLoader.h">
      <Filter>utils</Filter>
    </ClInclude>
    <ClInclude Include="..\..\src\easy2d\core\Application.h">
      <Filter>core</Filter>
    </ClInclude>
    <ClInclude Include="..\..\src\easy2d\core\Event.hpp">
      <Filter>core</Filter>
    </ClInclude>
    <ClInclude Include="..\..\src\easy2d\core\ActionGroup.h">
      <Filter>core</Filter>
    </ClInclude>
    <ClInclude Include="..\..\src\easy2d\core\ActionHelper.h">
      <Filter>core</Filter>
    </ClInclude>
    <ClInclude Include="..\..\src\easy2d\core\Action.h">
      <Filter>core</Filter>
    </ClInclude>
    <ClInclude Include="..\..\src\easy2d\math\Matrix.hpp">
      <Filter>math</Filter>
    </ClInclude>
    <ClInclude Include="..\..\src\easy2d\dx\D2DDeviceResources.h">
      <Filter>dx</Filter>
    </ClInclude>
    <ClInclude Include="..\..\src\easy2d\dx\D3D11DeviceResources.h">
      <Filter>dx</Filter>
    </ClInclude>
    <ClInclude Include="..\..\src\easy2d\dx\DeviceResources.h">
      <Filter>dx</Filter>
    </ClInclude>
    <ClInclude Include="..\..\src\easy2d\dx\helper.hpp">
      <Filter>dx</Filter>
    </ClInclude>
    <ClInclude Include="..\..\src\easy2d\dx\TextRenderer.h">
      <Filter>dx</Filter>
    </ClInclude>
    <ClInclude Include="..\..\src\easy2d\dx\D3D10DeviceResources.h">
      <Filter>dx</Filter>
    </ClInclude>
    <ClInclude Include="..\..\src\easy2d\core\Component.h">
      <Filter>core</Filter>
    </ClInclude>
    <ClInclude Include="..\..\src\easy2d\core\Layer.h">
      <Filter>core</Filter>
    </ClInclude>
    <ClInclude Include="..\..\src\easy2d\config.h" />
    <ClInclude Include="..\..\src\easy2d\macros.h" />
    <ClInclude Include="..\..\src\easy2d\common\Array.h">
      <Filter>common</Filter>
    </ClInclude>
    <ClInclude Include="..\..\src\easy2d\common\closure.hpp">
      <Filter>common</Filter>
    </ClInclude>
    <ClInclude Include="..\..\src\easy2d\common\ComPtr.hpp">
      <Filter>common</Filter>
    </ClInclude>
    <ClInclude Include="..\..\src\easy2d\common\IntrusiveList.hpp">
      <Filter>common</Filter>
    </ClInclude>
    <ClInclude Include="..\..\src\easy2d\common\IntrusivePtr.hpp">
      <Filter>common</Filter>
    </ClInclude>
    <ClInclude Include="..\..\src\easy2d\common\noncopyable.hpp">
      <Filter>common</Filter>
    </ClInclude>
    <ClInclude Include="..\..\src\easy2d\common\Singleton.hpp">
      <Filter>common</Filter>
    </ClInclude>
    <ClInclude Include="..\..\src\easy2d\core\helper.h">
      <Filter>core</Filter>
    </ClInclude>
    <ClInclude Include="..\..\src\easy2d\common\String.h">
      <Filter>common</Filter>
    </ClInclude>
  </ItemGroup>
  <ItemGroup>
    <ClCompile Include="..\..\src\easy2d\core\Animation.cpp">
      <Filter>core</Filter>
    </ClCompile>
    <ClCompile Include="..\..\src\easy2d\core\Canvas.cpp">
      <Filter>core</Filter>
    </ClCompile>
    <ClCompile Include="..\..\src\easy2d\core\Color.cpp">
      <Filter>core</Filter>
    </ClCompile>
    <ClCompile Include="..\..\src\easy2d\core\Image.cpp">
      <Filter>core</Filter>
    </ClCompile>
    <ClCompile Include="..\..\src\easy2d\core\Input.cpp">
      <Filter>core</Filter>
    </ClCompile>
    <ClCompile Include="..\..\src\easy2d\core\modules.cpp">
      <Filter>core</Filter>
    </ClCompile>
    <ClCompile Include="..\..\src\easy2d\core\Node.cpp">
      <Filter>core</Filter>
    </ClCompile>
    <ClCompile Include="..\..\src\easy2d\core\render.cpp">
      <Filter>core</Filter>
    </ClCompile>
    <ClCompile Include="..\..\src\easy2d\core\Resource.cpp">
      <Filter>core</Filter>
    </ClCompile>
    <ClCompile Include="..\..\src\easy2d\core\Scene.cpp">
      <Filter>core</Filter>
    </ClCompile>
    <ClCompile Include="..\..\src\easy2d\core\Sprite.cpp">
      <Filter>core</Filter>
    </ClCompile>
    <ClCompile Include="..\..\src\easy2d\core\Task.cpp">
      <Filter>core</Filter>
    </ClCompile>
    <ClCompile Include="..\..\src\easy2d\core\Text.cpp">
      <Filter>core</Filter>
    </ClCompile>
    <ClCompile Include="..\..\src\easy2d\core\time.cpp">
      <Filter>core</Filter>
    </ClCompile>
    <ClCompile Include="..\..\src\easy2d\core\Transition.cpp">
      <Filter>core</Filter>
    </ClCompile>
    <ClCompile Include="..\..\src\easy2d\core\window.cpp">
      <Filter>core</Filter>
    </ClCompile>
    <ClCompile Include="..\..\src\easy2d\utils\Data.cpp">
      <Filter>utils</Filter>
    </ClCompile>
    <ClCompile Include="..\..\src\easy2d\utils\File.cpp">
      <Filter>utils</Filter>
    </ClCompile>
    <ClCompile Include="..\..\src\easy2d\utils\Path.cpp">
      <Filter>utils</Filter>
    </ClCompile>
    <ClCompile Include="..\..\src\easy2d\ui\Button.cpp">
      <Filter>ui</Filter>
    </ClCompile>
    <ClCompile Include="..\..\src\easy2d\ui\Menu.cpp">
      <Filter>ui</Filter>
    </ClCompile>
    <ClCompile Include="..\..\src\easy2d\core\TaskManager.cpp">
      <Filter>core</Filter>
    </ClCompile>
    <ClCompile Include="..\..\src\easy2d\core\ActionManager.cpp">
      <Filter>core</Filter>
    </ClCompile>
    <ClCompile Include="..\..\src\easy2d\core\logs.cpp">
      <Filter>core</Filter>
    </ClCompile>
    <ClCompile Include="..\..\src\easy2d\core\Geometry.cpp">
      <Filter>core</Filter>
    </ClCompile>
    <ClCompile Include="..\..\src\easy2d\core\GeometryNode.cpp">
      <Filter>core</Filter>
    </ClCompile>
    <ClCompile Include="..\..\src\easy2d\core\ActionTween.cpp">
      <Filter>core</Filter>
    </ClCompile>
    <ClCompile Include="..\..\src\easy2d\core\Frames.cpp">
      <Filter>core</Filter>
    </ClCompile>
    <ClCompile Include="..\..\src\easy2d\core\EventDispatcher.cpp">
      <Filter>core</Filter>
    </ClCompile>
    <ClCompile Include="..\..\src\easy2d\core\EventListener.cpp">
      <Filter>core</Filter>
    </ClCompile>
    <ClCompile Include="..\..\src\easy2d\core\Object.cpp">
      <Filter>core</Filter>
    </ClCompile>
    <ClCompile Include="..\..\src\easy2d\core\DebugNode.cpp">
      <Filter>core</Filter>
    </ClCompile>
    <ClCompile Include="..\..\src\easy2d\utils\ResLoader.cpp">
      <Filter>utils</Filter>
    </ClCompile>
    <ClCompile Include="..\..\src\easy2d\core\Application.cpp">
      <Filter>core</Filter>
    </ClCompile>
    <ClCompile Include="..\..\src\easy2d\core\ActionGroup.cpp">
      <Filter>core</Filter>
    </ClCompile>
    <ClCompile Include="..\..\src\easy2d\core\Action.cpp">
      <Filter>core</Filter>
    </ClCompile>
    <ClCompile Include="..\..\src\easy2d\dx\D2DDeviceResources.cpp">
      <Filter>dx</Filter>
    </ClCompile>
    <ClCompile Include="..\..\src\easy2d\dx\D3D11DeviceResources.cpp">
      <Filter>dx</Filter>
    </ClCompile>
    <ClCompile Include="..\..\src\easy2d\dx\TextRenderer.cpp">
      <Filter>dx</Filter>
    </ClCompile>
    <ClCompile Include="..\..\src\easy2d\dx\D3D10DeviceResources.cpp">
      <Filter>dx</Filter>
    </ClCompile>
    <ClCompile Include="..\..\src\easy2d\core\Layer.cpp">
      <Filter>core</Filter>
    </ClCompile>
    <ClCompile Include="..\..\src\easy2d\common\String.cpp">
      <Filter>common</Filter>
    </ClCompile>
  </ItemGroup>
</Project>