<?xml version="1.0" encoding="utf-8"?>
<Project ToolsVersion="4.0" xmlns="http://schemas.microsoft.com/developer/msbuild/2003">
  <ItemGroup>
    <Filter Include="Win">
      <UniqueIdentifier>{2f0f3d30-bfc2-4aea-a170-258bbaacaa79}</UniqueIdentifier>
    </Filter>
    <Filter Include="Tool">
      <UniqueIdentifier>{42d46a92-c043-4667-8c20-358319e5c313}</UniqueIdentifier>
    </Filter>
    <Filter Include="Node">
      <UniqueIdentifier>{51864c81-02ee-4043-bf09-9ce3cbe5b6da}</UniqueIdentifier>
    </Filter>
    <Filter Include="Base">
      <UniqueIdentifier>{261633d3-3814-40c7-bd6d-201ede6c6ade}</UniqueIdentifier>
    </Filter>
    <Filter Include="Msg">
      <UniqueIdentifier>{cc102a62-b34d-493c-be3c-f3e5dfbe4cf4}</UniqueIdentifier>
    </Filter>
    <Filter Include="Msg\Listener">
      <UniqueIdentifier>{b9bb1728-5106-4574-998e-8564b49cb4a1}</UniqueIdentifier>
    </Filter>
  </ItemGroup>
  <ItemGroup>
    <ClCompile Include="Win\winbase.cpp">
      <Filter>Win</Filter>
    </ClCompile>
    <ClCompile Include="Base\EObject.cpp">
      <Filter>Base</Filter>
    </ClCompile>
    <ClCompile Include="Base\EApp.cpp">
      <Filter>Base</Filter>
    </ClCompile>
    <ClCompile Include="Node\ENode.cpp">
      <Filter>Node</Filter>
    </ClCompile>
    <ClCompile Include="Tool\EObjectManager.cpp">
      <Filter>Tool</Filter>
    </ClCompile>
    <ClCompile Include="Base\EScene.cpp">
      <Filter>Base</Filter>
    </ClCompile>
    <ClCompile Include="Msg\EMsgManager.cpp">
      <Filter>Msg</Filter>
    </ClCompile>
    <ClCompile Include="Msg\Listener\EListener.cpp">
      <Filter>Msg\Listener</Filter>
    </ClCompile>
    <ClCompile Include="Msg\Listener\EMouseClickListener.cpp">
      <Filter>Msg\Listener</Filter>
    </ClCompile>
    <ClCompile Include="Msg\Listener\EMouseListener.cpp">
      <Filter>Msg\Listener</Filter>
    </ClCompile>
    <ClCompile Include="Tool\ETimerManager.cpp">
      <Filter>Tool</Filter>
    </ClCompile>
    <ClCompile Include="Msg\Listener\EKeyboardListener.cpp">
      <Filter>Msg\Listener</Filter>
    </ClCompile>
    <ClCompile Include="Msg\Listener\EKeyPressListener.cpp">
      <Filter>Msg\Listener</Filter>
    </ClCompile>
    <ClCompile Include="Node\ERectangle.cpp">
      <Filter>Node</Filter>
    </ClCompile>
    <ClCompile Include="Node\ESprite.cpp">
      <Filter>Node</Filter>
    </ClCompile>
    <ClCompile Include="Msg\Listener\EMousePressListener.cpp">
      <Filter>Msg\Listener</Filter>
    </ClCompile>
    <ClCompile Include="Msg\Listener\EMouseDoubleClickListener.cpp">
      <Filter>Msg\Listener</Filter>
    </ClCompile>
    <ClCompile Include="Msg\Listener\EMouseDragListener.cpp">
      <Filter>Msg\Listener</Filter>
    </ClCompile>
  </ItemGroup>
  <ItemGroup>
    <ClInclude Include="Win\winbase.h">
      <Filter>Win</Filter>
    </ClInclude>
    <ClInclude Include="etools.h" />
    <ClInclude Include="enodes.h" />
    <ClInclude Include="emacros.h" />
    <ClInclude Include="ecommon.h" />
    <ClInclude Include="ebase.h" />
    <ClInclude Include="easy2d.h" />
    <ClInclude Include="emsg.h" />
  </ItemGroup>
</Project>